
Microsoft Visual Studio Solution File, Format Version 12.00
# Visual Studio Version 17
VisualStudioVersion = 17.1.31911.260
MinimumVisualStudioVersion = 10.0.40219.1
Project("{9A19103F-16F7-4668-BE54-9A1E7A4F7556}") = "ChannelSample", "ChannelSample\ChannelSample.csproj", "{1D9A4CD8-309D-4CD9-A3C3-FBE0A222DAEF}"
EndProject
Project("{9A19103F-16F7-4668-BE54-9A1E7A4F7556}") = "AsyncSample", "AsyncSample\AsyncSample.csproj", "{3FA7E5B8-2381-4511-8670-585170B914B5}"
EndProject
Project("{9A19103F-16F7-4668-BE54-9A1E7A4F7556}") = "NetworkingSample", "NetworkingSample\NetworkingSample.csproj", "{306C3628-0FED-4EF4-8943-9470CC4762E4}"
EndProject
Project("{9A19103F-16F7-4668-BE54-9A1E7A4F7556}") = "PipelineSample", "PipelineSample\PipelineSample.csproj", "{BF0573CC-9010-48C2-BB8E-68846B9FFD10}"
EndProject
Project("{9A19103F-16F7-4668-BE54-9A1E7A4F7556}") = "SpanSample", "SpanSample\SpanSample.csproj", "{DBFAC746-8764-4401-A606-23D2F11D64C1}"
EndProject
Project("{9A19103F-16F7-4668-BE54-9A1E7A4F7556}") = "PgoSample", "PgoSample\PgoSample.csproj", "{44112199-8B9E-4897-B761-1A4117F63A5D}"
EndProject
Project("{9A19103F-16F7-4668-BE54-9A1E7A4F7556}") = "TextJsonSample", "TextJsonSample\TextJsonSample.csproj", "{A04D83D5-5F2F-43D1-AE04-BACAB91C3D6B}"
EndProject
Project("{9A19103F-16F7-4668-BE54-9A1E7A4F7556}") = "SynchronizationContextSample", "SynchronizationContextSample\SynchronizationContextSample.csproj", "{B92A31D7-3346-4F0E-BF69-A85E0D0E6BCD}"
EndProject
Project("{9A19103F-16F7-4668-BE54-9A1E7A4F7556}") = "ConfigureAwaitSample", "ConfigureAwaitSample\ConfigureAwaitSample.csproj", "{2EA2FFE5-58C4-4D7B-9A82-F18BE7D12B27}"
EndProject
Project("{9A19103F-16F7-4668-BE54-9A1E7A4F7556}") = "ThreadPoolSample", "ThreadPoolSample\ThreadPoolSample.csproj", "{D9CA24C7-65BC-4C9D-A531-A8ED6D84CE32}"
EndProject
Project("{9A19103F-16F7-4668-BE54-9A1E7A4F7556}") = "TaskSchedulerSample", "TaskSchedulerSample\TaskSchedulerSample.csproj", "{CE5F13D8-6ACD-4D9C-958B-D276ACFF9583}"
EndProject
Project("{9A19103F-16F7-4668-BE54-9A1E7A4F7556}") = "AssemblyLoadContextSample", "AssemblyLoadContextSample\AssemblyLoadContextSample.csproj", "{151F0377-BADB-4424-89C9-86EBC76EBE04}"
EndProject
Project("{9A19103F-16F7-4668-BE54-9A1E7A4F7556}") = "SynchronousSample", "SynchronousSample\SynchronousSample.csproj", "{5ADACDE8-0BF8-46C7-B309-40D55DDBD5F3}"
EndProject
Project("{9A19103F-16F7-4668-BE54-9A1E7A4F7556}") = "ParallelSample", "ParallelSample\ParallelSample.csproj", "{B49DF2E4-5FBF-403D-81EB-DDD7A656007C}"
EndProject
Project("{9A19103F-16F7-4668-BE54-9A1E7A4F7556}") = "ValueTaskSample", "ValueTaskSample\ValueTaskSample.csproj", "{3C77BF4B-E270-4D6F-8945-6C78B493A25F}"
EndProject
Project("{9A19103F-16F7-4668-BE54-9A1E7A4F7556}") = "NetworkingClientSample", "NetworkingClientSample\NetworkingClientSample.csproj", "{F2D5067D-8B9A-4E00-8743-0988DA7711EC}"
EndProject
Project("{9A19103F-16F7-4668-BE54-9A1E7A4F7556}") = "TaskSample", "TaskSample\TaskSample.csproj", "{E1B47586-D614-4D62-8741-200232BE6539}"
EndProject
Project("{9A19103F-16F7-4668-BE54-9A1E7A4F7556}") = "TaskCompletedSourceSample", "TaskCompletedSourceSample\TaskCompletedSourceSample.csproj", "{E63D2E05-2DC1-4E9E-AD82-AD2FAC96817C}"
EndProject
Project("{9A19103F-16F7-4668-BE54-9A1E7A4F7556}") = "PLinqSample", "PLinqSample\PLinqSample.csproj", "{8FF2E577-1504-40B4-A039-6D2ED1AC5927}"
EndProject
Project("{9A19103F-16F7-4668-BE54-9A1E7A4F7556}") = "IAsyncEnumerableSample", "IAsyncEnumerableSample\IAsyncEnumerableSample.csproj", "{0DEA6F47-14E0-44C0-A5CE-EC4780FDB956}"
EndProject
Project("{9A19103F-16F7-4668-BE54-9A1E7A4F7556}") = "ExpressionTreeSample", "ExpressionTreeSample\ExpressionTreeSample.csproj", "{7DFD2A6D-9863-4C67-9E6A-44AA7F0DC41F}"
EndProject
Project("{9A19103F-16F7-4668-BE54-9A1E7A4F7556}") = "SegmentSample", "SegmentSample\SegmentSample.csproj", "{54D02739-207D-49A5-B473-F105D5C9A205}"
EndProject
Project("{9A19103F-16F7-4668-BE54-9A1E7A4F7556}") = "YeildSample", "YeildSample\YeildSample.csproj", "{B5F35505-6D7B-430E-8DFC-2EBE0164C751}"
EndProject
Project("{9A19103F-16F7-4668-BE54-9A1E7A4F7556}") = "VolatileSample", "VolatileSample\VolatileSample.csproj", "{41784229-ED7B-4B1E-9D0B-9B4C3C0F50AE}"
EndProject
Project("{9A19103F-16F7-4668-BE54-9A1E7A4F7556}") = "ObjectPool", "ObjectPool\ObjectPool.csproj", "{DD089FBD-E0FE-47D1-B9C7-2C9A3DD7BFB5}"
EndProject
Project("{9A19103F-16F7-4668-BE54-9A1E7A4F7556}") = "PInvokeSampel", "PInvokeSampel\PInvokeSampel.csproj", "{6CDF5442-5158-43AF-A0BB-351C079797E7}"
EndProject
Project("{9A19103F-16F7-4668-BE54-9A1E7A4F7556}") = "DataflowSample", "DataflowSample\DataflowSample.csproj", "{C2F7218B-F450-4004-8195-010C737FBB08}"
EndProject
Project("{9A19103F-16F7-4668-BE54-9A1E7A4F7556}") = "SignalrServer", "SignalrServer\SignalrServer.csproj", "{6637FB97-9441-42A2-AD83-BECFF8850A61}"
EndProject
Project("{9A19103F-16F7-4668-BE54-9A1E7A4F7556}") = "SignalrClient", "SignalrClient\SignalrClient.csproj", "{31FD6E11-3A21-4FB6-9C93-FBF3D21B1568}"
EndProject
Project("{9A19103F-16F7-4668-BE54-9A1E7A4F7556}") = "Https_SignalrServer", "Https_SignalrServer\Https_SignalrServer.csproj", "{52F7A4C2-1E33-4626-8268-E5C24FC16E8F}"
EndProject
Project("{9A19103F-16F7-4668-BE54-9A1E7A4F7556}") = "InterlockedSample", "InterlockedSample\InterlockedSample.csproj", "{55B8E944-9213-4876-BCAA-A97D821729AC}"
EndProject
Project("{9A19103F-16F7-4668-BE54-9A1E7A4F7556}") = "MutexSample", "MutexSample\MutexSample.csproj", "{3E19C11B-DCE0-4A0D-A6DA-63C0216518D9}"
EndProject
Project("{9A19103F-16F7-4668-BE54-9A1E7A4F7556}") = "WebApi", "WebApi\WebApi.csproj", "{1D7DAA69-C3BE-47B7-89CC-9A8D22DDB9D9}"
EndProject
Project("{FAE04EC0-301F-11D3-BF4B-00C04F79EFBC}") = "MinimalApi", "MinimalApi\MinimalApi.csproj", "{B2B1C342-5788-4D7B-9E77-FDCE611AB2AC}"
EndProject
Project("{FAE04EC0-301F-11D3-BF4B-00C04F79EFBC}") = "SourceLearning-WebApi", "SourceLearning-WebApi\SourceLearning-WebApi.csproj", "{3A76A8DB-29BA-48A4-92EF-8628CB2EC2A5}"
EndProject
Project("{FAE04EC0-301F-11D3-BF4B-00C04F79EFBC}") = "SourceLearning-Mvc", "SourceLearning-Mvc\SourceLearning-Mvc.csproj", "{13A14BA3-BC2E-4A54-B224-0FB60CC634EC}"
EndProject
Project("{FAE04EC0-301F-11D3-BF4B-00C04F79EFBC}") = "HostStartupSample", "HostStartupSample\HostStartupSample.csproj", "{10969224-9BE8-44AF-9F13-5519BC197704}"
EndProject
Project("{FAE04EC0-301F-11D3-BF4B-00C04F79EFBC}") = "LazySample", "LazySample\LazySample.csproj", "{ACA111F8-934A-482F-831A-D8E20AAF8BEF}"
EndProject
Project("{FAE04EC0-301F-11D3-BF4B-00C04F79EFBC}") = "ChangeTokenSample", "ChangeTokenSample\ChangeTokenSample.csproj", "{40C79654-0932-4842-A8F2-C96A4435FF6B}"
EndProject
Project("{FAE04EC0-301F-11D3-BF4B-00C04F79EFBC}") = "WeakReferenceSample", "WeakReferenceSample\WeakReferenceSample.csproj", "{D9FF8369-435C-4B04-A562-C11007344C09}"
EndProject
Project("{FAE04EC0-301F-11D3-BF4B-00C04F79EFBC}") = "Swagger", "Swagger\Swagger.csproj", "{1FC940DB-5DBC-4E11-AFA1-4AAF42B14959}"
EndProject
Global
	GlobalSection(SolutionConfigurationPlatforms) = preSolution
		Debug|Any CPU = Debug|Any CPU
		Release|Any CPU = Release|Any CPU
	EndGlobalSection
	GlobalSection(ProjectConfigurationPlatforms) = postSolution
		{1D9A4CD8-309D-4CD9-A3C3-FBE0A222DAEF}.Debug|Any CPU.ActiveCfg = Debug|Any CPU
		{1D9A4CD8-309D-4CD9-A3C3-FBE0A222DAEF}.Debug|Any CPU.Build.0 = Debug|Any CPU
		{1D9A4CD8-309D-4CD9-A3C3-FBE0A222DAEF}.Release|Any CPU.ActiveCfg = Release|Any CPU
		{1D9A4CD8-309D-4CD9-A3C3-FBE0A222DAEF}.Release|Any CPU.Build.0 = Release|Any CPU
		{3FA7E5B8-2381-4511-8670-585170B914B5}.Debug|Any CPU.ActiveCfg = Debug|Any CPU
		{3FA7E5B8-2381-4511-8670-585170B914B5}.Debug|Any CPU.Build.0 = Debug|Any CPU
		{3FA7E5B8-2381-4511-8670-585170B914B5}.Release|Any CPU.ActiveCfg = Release|Any CPU
		{3FA7E5B8-2381-4511-8670-585170B914B5}.Release|Any CPU.Build.0 = Release|Any CPU
		{306C3628-0FED-4EF4-8943-9470CC4762E4}.Debug|Any CPU.ActiveCfg = Debug|Any CPU
		{306C3628-0FED-4EF4-8943-9470CC4762E4}.Debug|Any CPU.Build.0 = Debug|Any CPU
		{306C3628-0FED-4EF4-8943-9470CC4762E4}.Release|Any CPU.ActiveCfg = Release|Any CPU
		{306C3628-0FED-4EF4-8943-9470CC4762E4}.Release|Any CPU.Build.0 = Release|Any CPU
		{BF0573CC-9010-48C2-BB8E-68846B9FFD10}.Debug|Any CPU.ActiveCfg = Debug|Any CPU
		{BF0573CC-9010-48C2-BB8E-68846B9FFD10}.Debug|Any CPU.Build.0 = Debug|Any CPU
		{BF0573CC-9010-48C2-BB8E-68846B9FFD10}.Release|Any CPU.ActiveCfg = Release|Any CPU
		{BF0573CC-9010-48C2-BB8E-68846B9FFD10}.Release|Any CPU.Build.0 = Release|Any CPU
		{DBFAC746-8764-4401-A606-23D2F11D64C1}.Debug|Any CPU.ActiveCfg = Debug|Any CPU
		{DBFAC746-8764-4401-A606-23D2F11D64C1}.Debug|Any CPU.Build.0 = Debug|Any CPU
		{DBFAC746-8764-4401-A606-23D2F11D64C1}.Release|Any CPU.ActiveCfg = Release|Any CPU
		{DBFAC746-8764-4401-A606-23D2F11D64C1}.Release|Any CPU.Build.0 = Release|Any CPU
		{44112199-8B9E-4897-B761-1A4117F63A5D}.Debug|Any CPU.ActiveCfg = Debug|Any CPU
		{44112199-8B9E-4897-B761-1A4117F63A5D}.Debug|Any CPU.Build.0 = Debug|Any CPU
		{44112199-8B9E-4897-B761-1A4117F63A5D}.Release|Any CPU.ActiveCfg = Release|Any CPU
		{44112199-8B9E-4897-B761-1A4117F63A5D}.Release|Any CPU.Build.0 = Release|Any CPU
		{A04D83D5-5F2F-43D1-AE04-BACAB91C3D6B}.Debug|Any CPU.ActiveCfg = Debug|Any CPU
		{A04D83D5-5F2F-43D1-AE04-BACAB91C3D6B}.Debug|Any CPU.Build.0 = Debug|Any CPU
		{A04D83D5-5F2F-43D1-AE04-BACAB91C3D6B}.Release|Any CPU.ActiveCfg = Release|Any CPU
		{A04D83D5-5F2F-43D1-AE04-BACAB91C3D6B}.Release|Any CPU.Build.0 = Release|Any CPU
		{B92A31D7-3346-4F0E-BF69-A85E0D0E6BCD}.Debug|Any CPU.ActiveCfg = Debug|Any CPU
		{B92A31D7-3346-4F0E-BF69-A85E0D0E6BCD}.Debug|Any CPU.Build.0 = Debug|Any CPU
		{B92A31D7-3346-4F0E-BF69-A85E0D0E6BCD}.Release|Any CPU.ActiveCfg = Release|Any CPU
		{B92A31D7-3346-4F0E-BF69-A85E0D0E6BCD}.Release|Any CPU.Build.0 = Release|Any CPU
		{2EA2FFE5-58C4-4D7B-9A82-F18BE7D12B27}.Debug|Any CPU.ActiveCfg = Debug|Any CPU
		{2EA2FFE5-58C4-4D7B-9A82-F18BE7D12B27}.Debug|Any CPU.Build.0 = Debug|Any CPU
		{2EA2FFE5-58C4-4D7B-9A82-F18BE7D12B27}.Release|Any CPU.ActiveCfg = Release|Any CPU
		{2EA2FFE5-58C4-4D7B-9A82-F18BE7D12B27}.Release|Any CPU.Build.0 = Release|Any CPU
		{D9CA24C7-65BC-4C9D-A531-A8ED6D84CE32}.Debug|Any CPU.ActiveCfg = Debug|Any CPU
		{D9CA24C7-65BC-4C9D-A531-A8ED6D84CE32}.Debug|Any CPU.Build.0 = Debug|Any CPU
		{D9CA24C7-65BC-4C9D-A531-A8ED6D84CE32}.Release|Any CPU.ActiveCfg = Release|Any CPU
		{D9CA24C7-65BC-4C9D-A531-A8ED6D84CE32}.Release|Any CPU.Build.0 = Release|Any CPU
		{CE5F13D8-6ACD-4D9C-958B-D276ACFF9583}.Debug|Any CPU.ActiveCfg = Debug|Any CPU
		{CE5F13D8-6ACD-4D9C-958B-D276ACFF9583}.Debug|Any CPU.Build.0 = Debug|Any CPU
		{CE5F13D8-6ACD-4D9C-958B-D276ACFF9583}.Release|Any CPU.ActiveCfg = Release|Any CPU
		{CE5F13D8-6ACD-4D9C-958B-D276ACFF9583}.Release|Any CPU.Build.0 = Release|Any CPU
		{151F0377-BADB-4424-89C9-86EBC76EBE04}.Debug|Any CPU.ActiveCfg = Debug|Any CPU
		{151F0377-BADB-4424-89C9-86EBC76EBE04}.Debug|Any CPU.Build.0 = Debug|Any CPU
		{151F0377-BADB-4424-89C9-86EBC76EBE04}.Release|Any CPU.ActiveCfg = Release|Any CPU
		{151F0377-BADB-4424-89C9-86EBC76EBE04}.Release|Any CPU.Build.0 = Release|Any CPU
		{5ADACDE8-0BF8-46C7-B309-40D55DDBD5F3}.Debug|Any CPU.ActiveCfg = Debug|Any CPU
		{5ADACDE8-0BF8-46C7-B309-40D55DDBD5F3}.Debug|Any CPU.Build.0 = Debug|Any CPU
		{5ADACDE8-0BF8-46C7-B309-40D55DDBD5F3}.Release|Any CPU.ActiveCfg = Release|Any CPU
		{5ADACDE8-0BF8-46C7-B309-40D55DDBD5F3}.Release|Any CPU.Build.0 = Release|Any CPU
		{B49DF2E4-5FBF-403D-81EB-DDD7A656007C}.Debug|Any CPU.ActiveCfg = Debug|Any CPU
		{B49DF2E4-5FBF-403D-81EB-DDD7A656007C}.Debug|Any CPU.Build.0 = Debug|Any CPU
		{B49DF2E4-5FBF-403D-81EB-DDD7A656007C}.Release|Any CPU.ActiveCfg = Release|Any CPU
		{B49DF2E4-5FBF-403D-81EB-DDD7A656007C}.Release|Any CPU.Build.0 = Release|Any CPU
		{3C77BF4B-E270-4D6F-8945-6C78B493A25F}.Debug|Any CPU.ActiveCfg = Debug|Any CPU
		{3C77BF4B-E270-4D6F-8945-6C78B493A25F}.Debug|Any CPU.Build.0 = Debug|Any CPU
		{3C77BF4B-E270-4D6F-8945-6C78B493A25F}.Release|Any CPU.ActiveCfg = Release|Any CPU
		{3C77BF4B-E270-4D6F-8945-6C78B493A25F}.Release|Any CPU.Build.0 = Release|Any CPU
		{F2D5067D-8B9A-4E00-8743-0988DA7711EC}.Debug|Any CPU.ActiveCfg = Debug|Any CPU
		{F2D5067D-8B9A-4E00-8743-0988DA7711EC}.Debug|Any CPU.Build.0 = Debug|Any CPU
		{F2D5067D-8B9A-4E00-8743-0988DA7711EC}.Release|Any CPU.ActiveCfg = Release|Any CPU
		{F2D5067D-8B9A-4E00-8743-0988DA7711EC}.Release|Any CPU.Build.0 = Release|Any CPU
		{E1B47586-D614-4D62-8741-200232BE6539}.Debug|Any CPU.ActiveCfg = Debug|Any CPU
		{E1B47586-D614-4D62-8741-200232BE6539}.Debug|Any CPU.Build.0 = Debug|Any CPU
		{E1B47586-D614-4D62-8741-200232BE6539}.Release|Any CPU.ActiveCfg = Release|Any CPU
		{E1B47586-D614-4D62-8741-200232BE6539}.Release|Any CPU.Build.0 = Release|Any CPU
		{E63D2E05-2DC1-4E9E-AD82-AD2FAC96817C}.Debug|Any CPU.ActiveCfg = Debug|Any CPU
		{E63D2E05-2DC1-4E9E-AD82-AD2FAC96817C}.Debug|Any CPU.Build.0 = Debug|Any CPU
		{E63D2E05-2DC1-4E9E-AD82-AD2FAC96817C}.Release|Any CPU.ActiveCfg = Release|Any CPU
		{E63D2E05-2DC1-4E9E-AD82-AD2FAC96817C}.Release|Any CPU.Build.0 = Release|Any CPU
		{8FF2E577-1504-40B4-A039-6D2ED1AC5927}.Debug|Any CPU.ActiveCfg = Debug|Any CPU
		{8FF2E577-1504-40B4-A039-6D2ED1AC5927}.Debug|Any CPU.Build.0 = Debug|Any CPU
		{8FF2E577-1504-40B4-A039-6D2ED1AC5927}.Release|Any CPU.ActiveCfg = Release|Any CPU
		{8FF2E577-1504-40B4-A039-6D2ED1AC5927}.Release|Any CPU.Build.0 = Release|Any CPU
		{0DEA6F47-14E0-44C0-A5CE-EC4780FDB956}.Debug|Any CPU.ActiveCfg = Debug|Any CPU
		{0DEA6F47-14E0-44C0-A5CE-EC4780FDB956}.Debug|Any CPU.Build.0 = Debug|Any CPU
		{0DEA6F47-14E0-44C0-A5CE-EC4780FDB956}.Release|Any CPU.ActiveCfg = Release|Any CPU
		{0DEA6F47-14E0-44C0-A5CE-EC4780FDB956}.Release|Any CPU.Build.0 = Release|Any CPU
		{7DFD2A6D-9863-4C67-9E6A-44AA7F0DC41F}.Debug|Any CPU.ActiveCfg = Debug|Any CPU
		{7DFD2A6D-9863-4C67-9E6A-44AA7F0DC41F}.Debug|Any CPU.Build.0 = Debug|Any CPU
		{7DFD2A6D-9863-4C67-9E6A-44AA7F0DC41F}.Release|Any CPU.ActiveCfg = Release|Any CPU
		{7DFD2A6D-9863-4C67-9E6A-44AA7F0DC41F}.Release|Any CPU.Build.0 = Release|Any CPU
		{54D02739-207D-49A5-B473-F105D5C9A205}.Debug|Any CPU.ActiveCfg = Debug|Any CPU
		{54D02739-207D-49A5-B473-F105D5C9A205}.Debug|Any CPU.Build.0 = Debug|Any CPU
		{54D02739-207D-49A5-B473-F105D5C9A205}.Release|Any CPU.ActiveCfg = Release|Any CPU
		{54D02739-207D-49A5-B473-F105D5C9A205}.Release|Any CPU.Build.0 = Release|Any CPU
		{B5F35505-6D7B-430E-8DFC-2EBE0164C751}.Debug|Any CPU.ActiveCfg = Debug|Any CPU
		{B5F35505-6D7B-430E-8DFC-2EBE0164C751}.Debug|Any CPU.Build.0 = Debug|Any CPU
		{B5F35505-6D7B-430E-8DFC-2EBE0164C751}.Release|Any CPU.ActiveCfg = Release|Any CPU
		{B5F35505-6D7B-430E-8DFC-2EBE0164C751}.Release|Any CPU.Build.0 = Release|Any CPU
		{41784229-ED7B-4B1E-9D0B-9B4C3C0F50AE}.Debug|Any CPU.ActiveCfg = Debug|Any CPU
		{41784229-ED7B-4B1E-9D0B-9B4C3C0F50AE}.Debug|Any CPU.Build.0 = Debug|Any CPU
		{41784229-ED7B-4B1E-9D0B-9B4C3C0F50AE}.Release|Any CPU.ActiveCfg = Release|Any CPU
		{41784229-ED7B-4B1E-9D0B-9B4C3C0F50AE}.Release|Any CPU.Build.0 = Release|Any CPU
		{DD089FBD-E0FE-47D1-B9C7-2C9A3DD7BFB5}.Debug|Any CPU.ActiveCfg = Debug|Any CPU
		{DD089FBD-E0FE-47D1-B9C7-2C9A3DD7BFB5}.Debug|Any CPU.Build.0 = Debug|Any CPU
		{DD089FBD-E0FE-47D1-B9C7-2C9A3DD7BFB5}.Release|Any CPU.ActiveCfg = Release|Any CPU
		{DD089FBD-E0FE-47D1-B9C7-2C9A3DD7BFB5}.Release|Any CPU.Build.0 = Release|Any CPU
		{6CDF5442-5158-43AF-A0BB-351C079797E7}.Debug|Any CPU.ActiveCfg = Debug|Any CPU
		{6CDF5442-5158-43AF-A0BB-351C079797E7}.Debug|Any CPU.Build.0 = Debug|Any CPU
		{6CDF5442-5158-43AF-A0BB-351C079797E7}.Release|Any CPU.ActiveCfg = Release|Any CPU
		{6CDF5442-5158-43AF-A0BB-351C079797E7}.Release|Any CPU.Build.0 = Release|Any CPU
		{C2F7218B-F450-4004-8195-010C737FBB08}.Debug|Any CPU.ActiveCfg = Debug|Any CPU
		{C2F7218B-F450-4004-8195-010C737FBB08}.Debug|Any CPU.Build.0 = Debug|Any CPU
		{C2F7218B-F450-4004-8195-010C737FBB08}.Release|Any CPU.ActiveCfg = Release|Any CPU
		{C2F7218B-F450-4004-8195-010C737FBB08}.Release|Any CPU.Build.0 = Release|Any CPU
		{6637FB97-9441-42A2-AD83-BECFF8850A61}.Debug|Any CPU.ActiveCfg = Debug|Any CPU
		{6637FB97-9441-42A2-AD83-BECFF8850A61}.Debug|Any CPU.Build.0 = Debug|Any CPU
		{6637FB97-9441-42A2-AD83-BECFF8850A61}.Release|Any CPU.ActiveCfg = Release|Any CPU
		{6637FB97-9441-42A2-AD83-BECFF8850A61}.Release|Any CPU.Build.0 = Release|Any CPU
		{31FD6E11-3A21-4FB6-9C93-FBF3D21B1568}.Debug|Any CPU.ActiveCfg = Debug|Any CPU
		{31FD6E11-3A21-4FB6-9C93-FBF3D21B1568}.Debug|Any CPU.Build.0 = Debug|Any CPU
		{31FD6E11-3A21-4FB6-9C93-FBF3D21B1568}.Release|Any CPU.ActiveCfg = Release|Any CPU
		{31FD6E11-3A21-4FB6-9C93-FBF3D21B1568}.Release|Any CPU.Build.0 = Release|Any CPU
		{52F7A4C2-1E33-4626-8268-E5C24FC16E8F}.Debug|Any CPU.ActiveCfg = Debug|Any CPU
		{52F7A4C2-1E33-4626-8268-E5C24FC16E8F}.Debug|Any CPU.Build.0 = Debug|Any CPU
		{52F7A4C2-1E33-4626-8268-E5C24FC16E8F}.Release|Any CPU.ActiveCfg = Release|Any CPU
		{52F7A4C2-1E33-4626-8268-E5C24FC16E8F}.Release|Any CPU.Build.0 = Release|Any CPU
		{55B8E944-9213-4876-BCAA-A97D821729AC}.Debug|Any CPU.ActiveCfg = Debug|Any CPU
		{55B8E944-9213-4876-BCAA-A97D821729AC}.Debug|Any CPU.Build.0 = Debug|Any CPU
		{55B8E944-9213-4876-BCAA-A97D821729AC}.Release|Any CPU.ActiveCfg = Release|Any CPU
		{55B8E944-9213-4876-BCAA-A97D821729AC}.Release|Any CPU.Build.0 = Release|Any CPU
		{3E19C11B-DCE0-4A0D-A6DA-63C0216518D9}.Debug|Any CPU.ActiveCfg = Debug|Any CPU
		{3E19C11B-DCE0-4A0D-A6DA-63C0216518D9}.Debug|Any CPU.Build.0 = Debug|Any CPU
		{3E19C11B-DCE0-4A0D-A6DA-63C0216518D9}.Release|Any CPU.ActiveCfg = Release|Any CPU
		{3E19C11B-DCE0-4A0D-A6DA-63C0216518D9}.Release|Any CPU.Build.0 = Release|Any CPU
		{1D7DAA69-C3BE-47B7-89CC-9A8D22DDB9D9}.Debug|Any CPU.ActiveCfg = Debug|Any CPU
		{1D7DAA69-C3BE-47B7-89CC-9A8D22DDB9D9}.Debug|Any CPU.Build.0 = Debug|Any CPU
		{1D7DAA69-C3BE-47B7-89CC-9A8D22DDB9D9}.Release|Any CPU.ActiveCfg = Release|Any CPU
		{1D7DAA69-C3BE-47B7-89CC-9A8D22DDB9D9}.Release|Any CPU.Build.0 = Release|Any CPU
		{B2B1C342-5788-4D7B-9E77-FDCE611AB2AC}.Debug|Any CPU.ActiveCfg = Debug|Any CPU
		{B2B1C342-5788-4D7B-9E77-FDCE611AB2AC}.Debug|Any CPU.Build.0 = Debug|Any CPU
		{B2B1C342-5788-4D7B-9E77-FDCE611AB2AC}.Release|Any CPU.ActiveCfg = Release|Any CPU
		{B2B1C342-5788-4D7B-9E77-FDCE611AB2AC}.Release|Any CPU.Build.0 = Release|Any CPU
		{3A76A8DB-29BA-48A4-92EF-8628CB2EC2A5}.Debug|Any CPU.ActiveCfg = Debug|Any CPU
		{3A76A8DB-29BA-48A4-92EF-8628CB2EC2A5}.Debug|Any CPU.Build.0 = Debug|Any CPU
		{3A76A8DB-29BA-48A4-92EF-8628CB2EC2A5}.Release|Any CPU.ActiveCfg = Release|Any CPU
		{3A76A8DB-29BA-48A4-92EF-8628CB2EC2A5}.Release|Any CPU.Build.0 = Release|Any CPU
		{13A14BA3-BC2E-4A54-B224-0FB60CC634EC}.Debug|Any CPU.ActiveCfg = Debug|Any CPU
		{13A14BA3-BC2E-4A54-B224-0FB60CC634EC}.Debug|Any CPU.Build.0 = Debug|Any CPU
		{13A14BA3-BC2E-4A54-B224-0FB60CC634EC}.Release|Any CPU.ActiveCfg = Release|Any CPU
		{13A14BA3-BC2E-4A54-B224-0FB60CC634EC}.Release|Any CPU.Build.0 = Release|Any CPU
		{10969224-9BE8-44AF-9F13-5519BC197704}.Debug|Any CPU.ActiveCfg = Debug|Any CPU
		{10969224-9BE8-44AF-9F13-5519BC197704}.Debug|Any CPU.Build.0 = Debug|Any CPU
		{10969224-9BE8-44AF-9F13-5519BC197704}.Release|Any CPU.ActiveCfg = Release|Any CPU
		{10969224-9BE8-44AF-9F13-5519BC197704}.Release|Any CPU.Build.0 = Release|Any CPU
		{ACA111F8-934A-482F-831A-D8E20AAF8BEF}.Debug|Any CPU.ActiveCfg = Debug|Any CPU
		{ACA111F8-934A-482F-831A-D8E20AAF8BEF}.Debug|Any CPU.Build.0 = Debug|Any CPU
		{ACA111F8-934A-482F-831A-D8E20AAF8BEF}.Release|Any CPU.ActiveCfg = Release|Any CPU
		{ACA111F8-934A-482F-831A-D8E20AAF8BEF}.Release|Any CPU.Build.0 = Release|Any CPU
		{40C79654-0932-4842-A8F2-C96A4435FF6B}.Debug|Any CPU.ActiveCfg = Debug|Any CPU
		{40C79654-0932-4842-A8F2-C96A4435FF6B}.Debug|Any CPU.Build.0 = Debug|Any CPU
		{40C79654-0932-4842-A8F2-C96A4435FF6B}.Release|Any CPU.ActiveCfg = Release|Any CPU
		{40C79654-0932-4842-A8F2-C96A4435FF6B}.Release|Any CPU.Build.0 = Release|Any CPU
		{D9FF8369-435C-4B04-A562-C11007344C09}.Debug|Any CPU.ActiveCfg = Debug|Any CPU
		{D9FF8369-435C-4B04-A562-C11007344C09}.Debug|Any CPU.Build.0 = Debug|Any CPU
		{D9FF8369-435C-4B04-A562-C11007344C09}.Release|Any CPU.ActiveCfg = Release|Any CPU
		{D9FF8369-435C-4B04-A562-C11007344C09}.Release|Any CPU.Build.0 = Release|Any CPU
		{1FC940DB-5DBC-4E11-AFA1-4AAF42B14959}.Debug|Any CPU.ActiveCfg = Debug|Any CPU
		{1FC940DB-5DBC-4E11-AFA1-4AAF42B14959}.Debug|Any CPU.Build.0 = Debug|Any CPU
		{1FC940DB-5DBC-4E11-AFA1-4AAF42B14959}.Release|Any CPU.ActiveCfg = Release|Any CPU
		{1FC940DB-5DBC-4E11-AFA1-4AAF42B14959}.Release|Any CPU.Build.0 = Release|Any CPU
	EndGlobalSection
	GlobalSection(SolutionProperties) = preSolution
		HideSolutionNode = FALSE
	EndGlobalSection
	GlobalSection(ExtensibilityGlobals) = postSolution
		SolutionGuid = {E0DD12CE-A2B2-4657-8F56-D7C4BB78B95E}
	EndGlobalSection
EndGlobal
