
Microsoft Visual Studio Solution File, Format Version 12.00
# Visual Studio Version 17
VisualStudioVersion = 17.1.31911.260
MinimumVisualStudioVersion = 10.0.40219.1
Project("{9A19103F-16F7-4668-BE54-9A1E7A4F7556}") = "ChannelSample", "ChannelSample\ChannelSample.csproj", "{1D9A4CD8-309D-4CD9-A3C3-FBE0A222DAEF}"
EndProject
Project("{9A19103F-16F7-4668-BE54-9A1E7A4F7556}") = "AsyncSample", "AsyncSample\AsyncSample.csproj", "{3FA7E5B8-2381-4511-8670-585170B914B5}"
EndProject
Project("{9A19103F-16F7-4668-BE54-9A1E7A4F7556}") = "NetworkingSample", "NetworkingSample\NetworkingSample.csproj", "{306C3628-0FED-4EF4-8943-9470CC4762E4}"
EndProject
Project("{9A19103F-16F7-4668-BE54-9A1E7A4F7556}") = "PipelineSample", "PipelineSample\PipelineSample.csproj", "{BF0573CC-9010-48C2-BB8E-68846B9FFD10}"
EndProject
Project("{9A19103F-16F7-4668-BE54-9A1E7A4F7556}") = "SpanSample", "SpanSample\SpanSample.csproj", "{DBFAC746-8764-4401-A606-23D2F11D64C1}"
EndProject
Project("{9A19103F-16F7-4668-BE54-9A1E7A4F7556}") = "PgoSample", "PgoSample\PgoSample.csproj", "{44112199-8B9E-4897-B761-1A4117F63A5D}"
EndProject
Project("{9A19103F-16F7-4668-BE54-9A1E7A4F7556}") = "TextJsonSample", "TextJsonSample\TextJsonSample.csproj", "{A04D83D5-5F2F-43D1-AE04-BACAB91C3D6B}"
EndProject
Project("{9A19103F-16F7-4668-BE54-9A1E7A4F7556}") = "SynchronizationContextSample", "SynchronizationContextSample\SynchronizationContextSample.csproj", "{B92A31D7-3346-4F0E-BF69-A85E0D0E6BCD}"
EndProject
Project("{9A19103F-16F7-4668-BE54-9A1E7A4F7556}") = "ConfigureAwaitSample", "ConfigureAwaitSample\ConfigureAwaitSample.csproj", "{2EA2FFE5-58C4-4D7B-9A82-F18BE7D12B27}"
EndProject
Project("{9A19103F-16F7-4668-BE54-9A1E7A4F7556}") = "ThreadPoolSample", "ThreadPoolSample\ThreadPoolSample.csproj", "{D9CA24C7-65BC-4C9D-A531-A8ED6D84CE32}"
EndProject
Project("{9A19103F-16F7-4668-BE54-9A1E7A4F7556}") = "TaskSchedulerSample", "TaskSchedulerSample\TaskSchedulerSample.csproj", "{CE5F13D8-6ACD-4D9C-958B-D276ACFF9583}"
EndProject
Project("{9A19103F-16F7-4668-BE54-9A1E7A4F7556}") = "AssemblyLoadContextSample", "AssemblyLoadContextSample\AssemblyLoadContextSample.csproj", "{151F0377-BADB-4424-89C9-86EBC76EBE04}"
EndProject
Project("{9A19103F-16F7-4668-BE54-9A1E7A4F7556}") = "SynchronousSample", "SynchronousSample\SynchronousSample.csproj", "{5ADACDE8-0BF8-46C7-B309-40D55DDBD5F3}"
EndProject
Project("{9A19103F-16F7-4668-BE54-9A1E7A4F7556}") = "ParallelSample", "ParallelSample\ParallelSample.csproj", "{B49DF2E4-5FBF-403D-81EB-DDD7A656007C}"
EndProject
Project("{9A19103F-16F7-4668-BE54-9A1E7A4F7556}") = "ValueTaskSample", "ValueTaskSample\ValueTaskSample.csproj", "{3C77BF4B-E270-4D6F-8945-6C78B493A25F}"
EndProject
Project("{9A19103F-16F7-4668-BE54-9A1E7A4F7556}") = "NetworkingClientSample", "NetworkingClientSample\NetworkingClientSample.csproj", "{F2D5067D-8B9A-4E00-8743-0988DA7711EC}"
EndProject
Project("{9A19103F-16F7-4668-BE54-9A1E7A4F7556}") = "TaskSample", "TaskSample\TaskSample.csproj", "{E1B47586-D614-4D62-8741-200232BE6539}"
EndProject
Project("{9A19103F-16F7-4668-BE54-9A1E7A4F7556}") = "TaskCompletedSourceSample", "TaskCompletedSourceSample\TaskCompletedSourceSample.csproj", "{E63D2E05-2DC1-4E9E-AD82-AD2FAC96817C}"
EndProject
Project("{9A19103F-16F7-4668-BE54-9A1E7A4F7556}") = "PLinqSample", "PLinqSample\PLinqSample.csproj", "{8FF2E577-1504-40B4-A039-6D2ED1AC5927}"
EndProject
Project("{9A19103F-16F7-4668-BE54-9A1E7A4F7556}") = "IAsyncEnumerableSample", "IAsyncEnumerableSample\IAsyncEnumerableSample.csproj", "{0DEA6F47-14E0-44C0-A5CE-EC4780FDB956}"
EndProject
Project("{9A19103F-16F7-4668-BE54-9A1E7A4F7556}") = "ExpressionTreeSample", "ExpressionTreeSample\ExpressionTreeSample.csproj", "{7DFD2A6D-9863-4C67-9E6A-44AA7F0DC41F}"
EndProject
Project("{9A19103F-16F7-4668-BE54-9A1E7A4F7556}") = "SegmentSample", "SegmentSample\SegmentSample.csproj", "{54D02739-207D-49A5-B473-F105D5C9A205}"
EndProject
Project("{9A19103F-16F7-4668-BE54-9A1E7A4F7556}") = "YeildSample", "YeildSample\YeildSample.csproj", "{B5F35505-6D7B-430E-8DFC-2EBE0164C751}"
EndProject
Project("{9A19103F-16F7-4668-BE54-9A1E7A4F7556}") = "VolatileSample", "VolatileSample\VolatileSample.csproj", "{41784229-ED7B-4B1E-9D0B-9B4C3C0F50AE}"
EndProject
Project("{9A19103F-16F7-4668-BE54-9A1E7A4F7556}") = "ObjectPool", "ObjectPool\ObjectPool.csproj", "{DD089FBD-E0FE-47D1-B9C7-2C9A3DD7BFB5}"
EndProject
Project("{9A19103F-16F7-4668-BE54-9A1E7A4F7556}") = "PInvokeSampel", "PInvokeSampel\PInvokeSampel.csproj", "{6CDF5442-5158-43AF-A0BB-351C079797E7}"
EndProject
Project("{9A19103F-16F7-4668-BE54-9A1E7A4F7556}") = "DataflowSample", "DataflowSample\DataflowSample.csproj", "{C2F7218B-F450-4004-8195-010C737FBB08}"
EndProject
Project("{9A19103F-16F7-4668-BE54-9A1E7A4F7556}") = "SignalrServer", "SignalrServer\SignalrServer.csproj", "{6637FB97-9441-42A2-AD83-BECFF8850A61}"
EndProject
Project("{9A19103F-16F7-4668-BE54-9A1E7A4F7556}") = "SignalrClient", "SignalrClient\SignalrClient.csproj", "{31FD6E11-3A21-4FB6-9C93-FBF3D21B1568}"
EndProject
Project("{9A19103F-16F7-4668-BE54-9A1E7A4F7556}") = "Https_SignalrServer", "Https_SignalrServer\Https_SignalrServer.csproj", "{52F7A4C2-1E33-4626-8268-E5C24FC16E8F}"
EndProject
Project("{9A19103F-16F7-4668-BE54-9A1E7A4F7556}") = "InterlockedSample", "InterlockedSample\InterlockedSample.csproj", "{55B8E944-9213-4876-BCAA-A97D821729AC}"
EndProject
Project("{9A19103F-16F7-4668-BE54-9A1E7A4F7556}") = "MutexSample", "MutexSample\MutexSample.csproj", "{3E19C11B-DCE0-4A0D-A6DA-63C0216518D9}"
EndProject
Project("{9A19103F-16F7-4668-BE54-9A1E7A4F7556}") = "WebApi", "WebApi\WebApi.csproj", "{1D7DAA69-C3BE-47B7-89CC-9A8D22DDB9D9}"
EndProject
Project("{9A19103F-16F7-4668-BE54-9A1E7A4F7556}") = "MinimalApi", "MinimalApi\MinimalApi.csproj", "{B2B1C342-5788-4D7B-9E77-FDCE611AB2AC}"
EndProject
Project("{9A19103F-16F7-4668-BE54-9A1E7A4F7556}") = "SourceLearning-WebApi", "SourceLearning-WebApi\SourceLearning-WebApi.csproj", "{3A76A8DB-29BA-48A4-92EF-8628CB2EC2A5}"
EndProject
Project("{9A19103F-16F7-4668-BE54-9A1E7A4F7556}") = "SourceLearning-Mvc", "SourceLearning-Mvc\SourceLearning-Mvc.csproj", "{13A14BA3-BC2E-4A54-B224-0FB60CC634EC}"
EndProject
Project("{9A19103F-16F7-4668-BE54-9A1E7A4F7556}") = "HostStartupSample", "HostStartupSample\HostStartupSample.csproj", "{10969224-9BE8-44AF-9F13-5519BC197704}"
EndProject
Project("{9A19103F-16F7-4668-BE54-9A1E7A4F7556}") = "LazySample", "LazySample\LazySample.csproj", "{ACA111F8-934A-482F-831A-D8E20AAF8BEF}"
EndProject
Project("{9A19103F-16F7-4668-BE54-9A1E7A4F7556}") = "ChangeTokenSample", "ChangeTokenSample\ChangeTokenSample.csproj", "{40C79654-0932-4842-A8F2-C96A4435FF6B}"
EndProject
Project("{9A19103F-16F7-4668-BE54-9A1E7A4F7556}") = "WeakReferenceSample", "WeakReferenceSample\WeakReferenceSample.csproj", "{D9FF8369-435C-4B04-A562-C11007344C09}"
EndProject
Project("{9A19103F-16F7-4668-BE54-9A1E7A4F7556}") = "Swagger", "Swagger\Swagger.csproj", "{1FC940DB-5DBC-4E11-AFA1-4AAF42B14959}"
EndProject
Project("{9A19103F-16F7-4668-BE54-9A1E7A4F7556}") = "RecordSample", "RecordSample\RecordSample.csproj", "{9A06EDE3-0882-43C4-A048-2F21A6B69C1F}"
EndProject
Project("{9A19103F-16F7-4668-BE54-9A1E7A4F7556}") = "SourceLearning_Mvc_controller", "SourceLearning_Mvc_controller\SourceLearning_Mvc_controller.csproj", "{43BB5537-85CF-43D8-8966-1CDE04313C89}"
EndProject
Project("{9A19103F-16F7-4668-BE54-9A1E7A4F7556}") = "SourceGenerateSample", "SourceGenerateSample\SourceGenerateSample.csproj", "{179842D5-0F39-4FE9-9BB4-03C7F2B7DCBC}"
EndProject
Project("{9A19103F-16F7-4668-BE54-9A1E7A4F7556}") = "SourceGenerateLib", "SourceGenerateLib\SourceGenerateLib.csproj", "{A241F031-99F1-43CB-87C6-B065F4B58093}"
EndProject
Project("{9A19103F-16F7-4668-BE54-9A1E7A4F7556}") = "Spectre.ConsoleSample", "Spectre.ConsoleSample\Spectre.ConsoleSample.csproj", "{0103C832-8FD0-4C52-87B9-712CA248E3E1}"
EndProject
Project("{9A19103F-16F7-4668-BE54-9A1E7A4F7556}") = "PriorityQueueSample", "PriorityQueueSample\PriorityQueueSample.csproj", "{67BA63E3-5C15-488C-B49F-0C36C002BD67}"
EndProject
Project("{9A19103F-16F7-4668-BE54-9A1E7A4F7556}") = "NacosConsoleSample", "NacosConsoleSample\NacosConsoleSample.csproj", "{AEC71365-15C3-456F-8E46-BC063F71B452}"
EndProject
Project("{9A19103F-16F7-4668-BE54-9A1E7A4F7556}") = "NacosWebapiSample", "NacosWebapiSample\NacosWebapiSample.csproj", "{3B4478F1-B73E-4D45-9E69-80FABDC8A7BB}"
EndProject
Project("{9A19103F-16F7-4668-BE54-9A1E7A4F7556}") = "CastleProxy", "CastleProxy\CastleProxy.csproj", "{C0D4AEAA-75AA-4038-94D6-7F7A1FC293A5}"
EndProject
Project("{9A19103F-16F7-4668-BE54-9A1E7A4F7556}") = "EmitSample", "EmitSample\EmitSample.csproj", "{F56D8F9C-4FEC-40DF-879C-3C850A2896F9}"
EndProject
Project("{9A19103F-16F7-4668-BE54-9A1E7A4F7556}") = "PrismSample", "PrismSample\PrismSample.csproj", "{2D4151E6-CC38-4B4D-926F-A1B169D74FA4}"
EndProject
Project("{9A19103F-16F7-4668-BE54-9A1E7A4F7556}") = "PrismCompositeCommandsSample", "PrismCompositeCommandsSample\PrismCompositeCommandsSample.csproj", "{1B88A796-015C-430F-ADB7-3714587E578F}"
EndProject
Project("{2150E333-8FDC-42A3-9474-1A3956D46DE8}") = "Prism", "Prism", "{0F1D5D48-406D-4B29-A19F-1951A3763D43}"
EndProject
Project("{9A19103F-16F7-4668-BE54-9A1E7A4F7556}") = "Dialog", "Dialog\Dialog.csproj", "{D25A499C-B837-4989-8DD3-EEAB5DC5DB4F}"
EndProject
Project("{2150E333-8FDC-42A3-9474-1A3956D46DE8}") = "Aop", "Aop", "{09BFC350-C2FF-46FD-BDD0-3496C87BE178}"
EndProject
Project("{2150E333-8FDC-42A3-9474-1A3956D46DE8}") = "Nacos", "Nacos", "{6876D993-EC20-469F-8211-811290B5EDCA}"
EndProject
Project("{2150E333-8FDC-42A3-9474-1A3956D46DE8}") = "AspNetCore", "AspNetCore", "{8E50DE1F-3F95-4902-B955-1A3F44D666DE}"
EndProject
Project("{2150E333-8FDC-42A3-9474-1A3956D46DE8}") = "CSharp", "CSharp", "{1BD5564A-9816-4E6D-A2B7-478F9247CC3C}"
EndProject
Project("{2150E333-8FDC-42A3-9474-1A3956D46DE8}") = "Networking", "Networking", "{C60FC696-8FFA-4D9B-9BCC-F5072C40BD63}"
EndProject
Project("{9A19103F-16F7-4668-BE54-9A1E7A4F7556}") = "DoraSample", "DoraSample\DoraSample.csproj", "{84C7F328-016D-44B3-A442-B6FAC8CAFB89}"
EndProject
Project("{2150E333-8FDC-42A3-9474-1A3956D46DE8}") = "Ocr", "Ocr", "{ED75F54C-B171-4E54-B93E-57A4994CDC5D}"
EndProject
Project("{9A19103F-16F7-4668-BE54-9A1E7A4F7556}") = "PaddleOCRSample", "PaddleOCRSample\PaddleOCRSample.csproj", "{2CA49FB0-9993-4286-930B-CB6D70424CC9}"
EndProject
Project("{2150E333-8FDC-42A3-9474-1A3956D46DE8}") = "rabbitmq", "rabbitmq", "{D7F23096-CA7F-493A-BEE0-DD418BBBB3A5}"
EndProject
Project("{FAE04EC0-301F-11D3-BF4B-00C04F79EFBC}") = "Sample-Send", "Sample-Send\Sample-Send.csproj", "{86E51951-F79A-4033-A80C-2D9B258CD73E}"
EndProject
Project("{FAE04EC0-301F-11D3-BF4B-00C04F79EFBC}") = "Sample-Receive", "Sample-Receive\Sample-Receive.csproj", "{3542EA3B-AB35-41AD-8662-CF5B6DD10F6B}"
EndProject
Project("{FAE04EC0-301F-11D3-BF4B-00C04F79EFBC}") = "NewTask", "NewTask\NewTask.csproj", "{1E5D663E-0D2C-45F1-AD65-13ACA8EAD708}"
EndProject
Project("{FAE04EC0-301F-11D3-BF4B-00C04F79EFBC}") = "Worker", "Worker\Worker.csproj", "{9B81BC64-81CC-4FAB-AF61-EFCE98B33D81}"
EndProject
Project("{FAE04EC0-301F-11D3-BF4B-00C04F79EFBC}") = "EasyNetQServer", "EasyNetQServer\EasyNetQServer.csproj", "{2AB125F2-1713-4DF6-8897-EF3639E0A5BA}"
EndProject
Project("{FAE04EC0-301F-11D3-BF4B-00C04F79EFBC}") = "EmitLog", "EmitLog\EmitLog.csproj", "{036039B9-7B6E-4195-B9DA-5B0A29BE10DF}"
EndProject
Project("{FAE04EC0-301F-11D3-BF4B-00C04F79EFBC}") = "ReceiveLog", "ReceiveLog\ReceiveLog.csproj", "{3C918616-F754-4678-B45B-C6D563ECF36D}"
EndProject
Project("{FAE04EC0-301F-11D3-BF4B-00C04F79EFBC}") = "EmitLogDirect", "EmitLogDirect\EmitLogDirect.csproj", "{0806FDB0-E4D2-4EAE-8F55-9A087BA990BB}"
EndProject
Project("{FAE04EC0-301F-11D3-BF4B-00C04F79EFBC}") = "ReceiveLogDirect", "ReceiveLogDirect\ReceiveLogDirect.csproj", "{BA08FABB-9D94-4090-97E3-FA80C20DEB2C}"
EndProject
Project("{FAE04EC0-301F-11D3-BF4B-00C04F79EFBC}") = "EmitLogTopic", "EmitLogTopic\EmitLogTopic.csproj", "{E4B79AA4-C2E5-4E66-B3AC-755E87D21430}"
EndProject
Project("{FAE04EC0-301F-11D3-BF4B-00C04F79EFBC}") = "ReceiveLogsTopic", "ReceiveLogsTopic\ReceiveLogsTopic.csproj", "{549AAC69-95F0-479C-AC3C-AE47C05FE29D}"
EndProject
Project("{FAE04EC0-301F-11D3-BF4B-00C04F79EFBC}") = "EasyNetQClient", "EasyNetQClient\EasyNetQClient.csproj", "{99BC3CE5-CC3C-498C-AEF0-4F55BE043AB3}"
EndProject
Project("{FAE04EC0-301F-11D3-BF4B-00C04F79EFBC}") = "EasyNetQModel", "EasyNetQModel\EasyNetQModel.csproj", "{EBE11AF1-3A34-4365-8316-7F90F1172D02}"
EndProject
Project("{FAE04EC0-301F-11D3-BF4B-00C04F79EFBC}") = "EasyNetQClient2", "EasyNetQClient2\EasyNetQClient2.csproj", "{245221D8-9D78-4D88-B3E3-BAEF5F36E49E}"
EndProject
Project("{FAE04EC0-301F-11D3-BF4B-00C04F79EFBC}") = "WebApplication1", "WebApplication1\WebApplication1.csproj", "{30726E5B-A82E-4F76-A96C-6A971FF289AA}"
EndProject
Project("{FAE04EC0-301F-11D3-BF4B-00C04F79EFBC}") = "TaosDataSample", "TaosDataSample\TaosDataSample.csproj", "{1EB44F56-3CE2-4510-86A4-B6B4961DC6FE}"
EndProject
Project("{FAE04EC0-301F-11D3-BF4B-00C04F79EFBC}") = "MqTest", "MqTest\MqTest.csproj", "{89A7B292-21B6-40DD-AB91-E696B33870D3}"
EndProject
Project("{FAE04EC0-301F-11D3-BF4B-00C04F79EFBC}") = "MqTestPublish", "MqTestPublish\MqTestPublish.csproj", "{88699B73-FB5B-4D62-BD10-0C50681A88FE}"
EndProject
Project("{FAE04EC0-301F-11D3-BF4B-00C04F79EFBC}") = "MqTestModel", "MqTestModel\MqTestModel.csproj", "{7A454E5B-D557-47B5-9DF8-31DCF34AC853}"
EndProject
Project("{FAE04EC0-301F-11D3-BF4B-00C04F79EFBC}") = "EasyNewQWebClient", "EasyNewQWebClient\EasyNewQWebClient.csproj", "{043F5E31-151A-4A90-AF99-DA2D4581B1DF}"
EndProject
Project("{2150E333-8FDC-42A3-9474-1A3956D46DE8}") = "redis", "redis", "{189FEB5F-B5B4-4D62-A02E-BD7390CFFECF}"
EndProject
Project("{FAE04EC0-301F-11D3-BF4B-00C04F79EFBC}") = "FreeRedisServer", "FreeRedisServer\FreeRedisServer.csproj", "{ECE01CFC-1966-4648-B491-E614C7197273}"
EndProject
Project("{FAE04EC0-301F-11D3-BF4B-00C04F79EFBC}") = "FreeRedisClient", "FreeRedisClient\FreeRedisClient.csproj", "{A6ACAEFC-16FB-4672-A759-284DBC2E4A26}"
EndProject
Global
	GlobalSection(SolutionConfigurationPlatforms) = preSolution
		Debug|Any CPU = Debug|Any CPU
		Release|Any CPU = Release|Any CPU
	EndGlobalSection
	GlobalSection(ProjectConfigurationPlatforms) = postSolution
		{1D9A4CD8-309D-4CD9-A3C3-FBE0A222DAEF}.Debug|Any CPU.ActiveCfg = Debug|Any CPU
		{1D9A4CD8-309D-4CD9-A3C3-FBE0A222DAEF}.Debug|Any CPU.Build.0 = Debug|Any CPU
		{1D9A4CD8-309D-4CD9-A3C3-FBE0A222DAEF}.Release|Any CPU.ActiveCfg = Release|Any CPU
		{1D9A4CD8-309D-4CD9-A3C3-FBE0A222DAEF}.Release|Any CPU.Build.0 = Release|Any CPU
		{3FA7E5B8-2381-4511-8670-585170B914B5}.Debug|Any CPU.ActiveCfg = Debug|Any CPU
		{3FA7E5B8-2381-4511-8670-585170B914B5}.Debug|Any CPU.Build.0 = Debug|Any CPU
		{3FA7E5B8-2381-4511-8670-585170B914B5}.Release|Any CPU.ActiveCfg = Release|Any CPU
		{3FA7E5B8-2381-4511-8670-585170B914B5}.Release|Any CPU.Build.0 = Release|Any CPU
		{306C3628-0FED-4EF4-8943-9470CC4762E4}.Debug|Any CPU.ActiveCfg = Debug|Any CPU
		{306C3628-0FED-4EF4-8943-9470CC4762E4}.Debug|Any CPU.Build.0 = Debug|Any CPU
		{306C3628-0FED-4EF4-8943-9470CC4762E4}.Release|Any CPU.ActiveCfg = Release|Any CPU
		{306C3628-0FED-4EF4-8943-9470CC4762E4}.Release|Any CPU.Build.0 = Release|Any CPU
		{BF0573CC-9010-48C2-BB8E-68846B9FFD10}.Debug|Any CPU.ActiveCfg = Debug|Any CPU
		{BF0573CC-9010-48C2-BB8E-68846B9FFD10}.Debug|Any CPU.Build.0 = Debug|Any CPU
		{BF0573CC-9010-48C2-BB8E-68846B9FFD10}.Release|Any CPU.ActiveCfg = Release|Any CPU
		{BF0573CC-9010-48C2-BB8E-68846B9FFD10}.Release|Any CPU.Build.0 = Release|Any CPU
		{DBFAC746-8764-4401-A606-23D2F11D64C1}.Debug|Any CPU.ActiveCfg = Debug|Any CPU
		{DBFAC746-8764-4401-A606-23D2F11D64C1}.Debug|Any CPU.Build.0 = Debug|Any CPU
		{DBFAC746-8764-4401-A606-23D2F11D64C1}.Release|Any CPU.ActiveCfg = Release|Any CPU
		{DBFAC746-8764-4401-A606-23D2F11D64C1}.Release|Any CPU.Build.0 = Release|Any CPU
		{44112199-8B9E-4897-B761-1A4117F63A5D}.Debug|Any CPU.ActiveCfg = Debug|Any CPU
		{44112199-8B9E-4897-B761-1A4117F63A5D}.Debug|Any CPU.Build.0 = Debug|Any CPU
		{44112199-8B9E-4897-B761-1A4117F63A5D}.Release|Any CPU.ActiveCfg = Release|Any CPU
		{44112199-8B9E-4897-B761-1A4117F63A5D}.Release|Any CPU.Build.0 = Release|Any CPU
		{A04D83D5-5F2F-43D1-AE04-BACAB91C3D6B}.Debug|Any CPU.ActiveCfg = Debug|Any CPU
		{A04D83D5-5F2F-43D1-AE04-BACAB91C3D6B}.Debug|Any CPU.Build.0 = Debug|Any CPU
		{A04D83D5-5F2F-43D1-AE04-BACAB91C3D6B}.Release|Any CPU.ActiveCfg = Release|Any CPU
		{A04D83D5-5F2F-43D1-AE04-BACAB91C3D6B}.Release|Any CPU.Build.0 = Release|Any CPU
		{B92A31D7-3346-4F0E-BF69-A85E0D0E6BCD}.Debug|Any CPU.ActiveCfg = Debug|Any CPU
		{B92A31D7-3346-4F0E-BF69-A85E0D0E6BCD}.Debug|Any CPU.Build.0 = Debug|Any CPU
		{B92A31D7-3346-4F0E-BF69-A85E0D0E6BCD}.Release|Any CPU.ActiveCfg = Release|Any CPU
		{B92A31D7-3346-4F0E-BF69-A85E0D0E6BCD}.Release|Any CPU.Build.0 = Release|Any CPU
		{2EA2FFE5-58C4-4D7B-9A82-F18BE7D12B27}.Debug|Any CPU.ActiveCfg = Debug|Any CPU
		{2EA2FFE5-58C4-4D7B-9A82-F18BE7D12B27}.Debug|Any CPU.Build.0 = Debug|Any CPU
		{2EA2FFE5-58C4-4D7B-9A82-F18BE7D12B27}.Release|Any CPU.ActiveCfg = Release|Any CPU
		{2EA2FFE5-58C4-4D7B-9A82-F18BE7D12B27}.Release|Any CPU.Build.0 = Release|Any CPU
		{D9CA24C7-65BC-4C9D-A531-A8ED6D84CE32}.Debug|Any CPU.ActiveCfg = Debug|Any CPU
		{D9CA24C7-65BC-4C9D-A531-A8ED6D84CE32}.Debug|Any CPU.Build.0 = Debug|Any CPU
		{D9CA24C7-65BC-4C9D-A531-A8ED6D84CE32}.Release|Any CPU.ActiveCfg = Release|Any CPU
		{D9CA24C7-65BC-4C9D-A531-A8ED6D84CE32}.Release|Any CPU.Build.0 = Release|Any CPU
		{CE5F13D8-6ACD-4D9C-958B-D276ACFF9583}.Debug|Any CPU.ActiveCfg = Debug|Any CPU
		{CE5F13D8-6ACD-4D9C-958B-D276ACFF9583}.Debug|Any CPU.Build.0 = Debug|Any CPU
		{CE5F13D8-6ACD-4D9C-958B-D276ACFF9583}.Release|Any CPU.ActiveCfg = Release|Any CPU
		{CE5F13D8-6ACD-4D9C-958B-D276ACFF9583}.Release|Any CPU.Build.0 = Release|Any CPU
		{151F0377-BADB-4424-89C9-86EBC76EBE04}.Debug|Any CPU.ActiveCfg = Debug|Any CPU
		{151F0377-BADB-4424-89C9-86EBC76EBE04}.Debug|Any CPU.Build.0 = Debug|Any CPU
		{151F0377-BADB-4424-89C9-86EBC76EBE04}.Release|Any CPU.ActiveCfg = Release|Any CPU
		{151F0377-BADB-4424-89C9-86EBC76EBE04}.Release|Any CPU.Build.0 = Release|Any CPU
		{5ADACDE8-0BF8-46C7-B309-40D55DDBD5F3}.Debug|Any CPU.ActiveCfg = Debug|Any CPU
		{5ADACDE8-0BF8-46C7-B309-40D55DDBD5F3}.Debug|Any CPU.Build.0 = Debug|Any CPU
		{5ADACDE8-0BF8-46C7-B309-40D55DDBD5F3}.Release|Any CPU.ActiveCfg = Release|Any CPU
		{5ADACDE8-0BF8-46C7-B309-40D55DDBD5F3}.Release|Any CPU.Build.0 = Release|Any CPU
		{B49DF2E4-5FBF-403D-81EB-DDD7A656007C}.Debug|Any CPU.ActiveCfg = Debug|Any CPU
		{B49DF2E4-5FBF-403D-81EB-DDD7A656007C}.Debug|Any CPU.Build.0 = Debug|Any CPU
		{B49DF2E4-5FBF-403D-81EB-DDD7A656007C}.Release|Any CPU.ActiveCfg = Release|Any CPU
		{B49DF2E4-5FBF-403D-81EB-DDD7A656007C}.Release|Any CPU.Build.0 = Release|Any CPU
		{3C77BF4B-E270-4D6F-8945-6C78B493A25F}.Debug|Any CPU.ActiveCfg = Debug|Any CPU
		{3C77BF4B-E270-4D6F-8945-6C78B493A25F}.Debug|Any CPU.Build.0 = Debug|Any CPU
		{3C77BF4B-E270-4D6F-8945-6C78B493A25F}.Release|Any CPU.ActiveCfg = Release|Any CPU
		{3C77BF4B-E270-4D6F-8945-6C78B493A25F}.Release|Any CPU.Build.0 = Release|Any CPU
		{F2D5067D-8B9A-4E00-8743-0988DA7711EC}.Debug|Any CPU.ActiveCfg = Debug|Any CPU
		{F2D5067D-8B9A-4E00-8743-0988DA7711EC}.Debug|Any CPU.Build.0 = Debug|Any CPU
		{F2D5067D-8B9A-4E00-8743-0988DA7711EC}.Release|Any CPU.ActiveCfg = Release|Any CPU
		{F2D5067D-8B9A-4E00-8743-0988DA7711EC}.Release|Any CPU.Build.0 = Release|Any CPU
		{E1B47586-D614-4D62-8741-200232BE6539}.Debug|Any CPU.ActiveCfg = Debug|Any CPU
		{E1B47586-D614-4D62-8741-200232BE6539}.Debug|Any CPU.Build.0 = Debug|Any CPU
		{E1B47586-D614-4D62-8741-200232BE6539}.Release|Any CPU.ActiveCfg = Release|Any CPU
		{E1B47586-D614-4D62-8741-200232BE6539}.Release|Any CPU.Build.0 = Release|Any CPU
		{E63D2E05-2DC1-4E9E-AD82-AD2FAC96817C}.Debug|Any CPU.ActiveCfg = Debug|Any CPU
		{E63D2E05-2DC1-4E9E-AD82-AD2FAC96817C}.Debug|Any CPU.Build.0 = Debug|Any CPU
		{E63D2E05-2DC1-4E9E-AD82-AD2FAC96817C}.Release|Any CPU.ActiveCfg = Release|Any CPU
		{E63D2E05-2DC1-4E9E-AD82-AD2FAC96817C}.Release|Any CPU.Build.0 = Release|Any CPU
		{8FF2E577-1504-40B4-A039-6D2ED1AC5927}.Debug|Any CPU.ActiveCfg = Debug|Any CPU
		{8FF2E577-1504-40B4-A039-6D2ED1AC5927}.Debug|Any CPU.Build.0 = Debug|Any CPU
		{8FF2E577-1504-40B4-A039-6D2ED1AC5927}.Release|Any CPU.ActiveCfg = Release|Any CPU
		{8FF2E577-1504-40B4-A039-6D2ED1AC5927}.Release|Any CPU.Build.0 = Release|Any CPU
		{0DEA6F47-14E0-44C0-A5CE-EC4780FDB956}.Debug|Any CPU.ActiveCfg = Debug|Any CPU
		{0DEA6F47-14E0-44C0-A5CE-EC4780FDB956}.Debug|Any CPU.Build.0 = Debug|Any CPU
		{0DEA6F47-14E0-44C0-A5CE-EC4780FDB956}.Release|Any CPU.ActiveCfg = Release|Any CPU
		{0DEA6F47-14E0-44C0-A5CE-EC4780FDB956}.Release|Any CPU.Build.0 = Release|Any CPU
		{7DFD2A6D-9863-4C67-9E6A-44AA7F0DC41F}.Debug|Any CPU.ActiveCfg = Debug|Any CPU
		{7DFD2A6D-9863-4C67-9E6A-44AA7F0DC41F}.Debug|Any CPU.Build.0 = Debug|Any CPU
		{7DFD2A6D-9863-4C67-9E6A-44AA7F0DC41F}.Release|Any CPU.ActiveCfg = Release|Any CPU
		{7DFD2A6D-9863-4C67-9E6A-44AA7F0DC41F}.Release|Any CPU.Build.0 = Release|Any CPU
		{54D02739-207D-49A5-B473-F105D5C9A205}.Debug|Any CPU.ActiveCfg = Debug|Any CPU
		{54D02739-207D-49A5-B473-F105D5C9A205}.Debug|Any CPU.Build.0 = Debug|Any CPU
		{54D02739-207D-49A5-B473-F105D5C9A205}.Release|Any CPU.ActiveCfg = Release|Any CPU
		{54D02739-207D-49A5-B473-F105D5C9A205}.Release|Any CPU.Build.0 = Release|Any CPU
		{B5F35505-6D7B-430E-8DFC-2EBE0164C751}.Debug|Any CPU.ActiveCfg = Debug|Any CPU
		{B5F35505-6D7B-430E-8DFC-2EBE0164C751}.Debug|Any CPU.Build.0 = Debug|Any CPU
		{B5F35505-6D7B-430E-8DFC-2EBE0164C751}.Release|Any CPU.ActiveCfg = Release|Any CPU
		{B5F35505-6D7B-430E-8DFC-2EBE0164C751}.Release|Any CPU.Build.0 = Release|Any CPU
		{41784229-ED7B-4B1E-9D0B-9B4C3C0F50AE}.Debug|Any CPU.ActiveCfg = Debug|Any CPU
		{41784229-ED7B-4B1E-9D0B-9B4C3C0F50AE}.Debug|Any CPU.Build.0 = Debug|Any CPU
		{41784229-ED7B-4B1E-9D0B-9B4C3C0F50AE}.Release|Any CPU.ActiveCfg = Release|Any CPU
		{41784229-ED7B-4B1E-9D0B-9B4C3C0F50AE}.Release|Any CPU.Build.0 = Release|Any CPU
		{DD089FBD-E0FE-47D1-B9C7-2C9A3DD7BFB5}.Debug|Any CPU.ActiveCfg = Debug|Any CPU
		{DD089FBD-E0FE-47D1-B9C7-2C9A3DD7BFB5}.Debug|Any CPU.Build.0 = Debug|Any CPU
		{DD089FBD-E0FE-47D1-B9C7-2C9A3DD7BFB5}.Release|Any CPU.ActiveCfg = Release|Any CPU
		{DD089FBD-E0FE-47D1-B9C7-2C9A3DD7BFB5}.Release|Any CPU.Build.0 = Release|Any CPU
		{6CDF5442-5158-43AF-A0BB-351C079797E7}.Debug|Any CPU.ActiveCfg = Debug|Any CPU
		{6CDF5442-5158-43AF-A0BB-351C079797E7}.Debug|Any CPU.Build.0 = Debug|Any CPU
		{6CDF5442-5158-43AF-A0BB-351C079797E7}.Release|Any CPU.ActiveCfg = Release|Any CPU
		{6CDF5442-5158-43AF-A0BB-351C079797E7}.Release|Any CPU.Build.0 = Release|Any CPU
		{C2F7218B-F450-4004-8195-010C737FBB08}.Debug|Any CPU.ActiveCfg = Debug|Any CPU
		{C2F7218B-F450-4004-8195-010C737FBB08}.Debug|Any CPU.Build.0 = Debug|Any CPU
		{C2F7218B-F450-4004-8195-010C737FBB08}.Release|Any CPU.ActiveCfg = Release|Any CPU
		{C2F7218B-F450-4004-8195-010C737FBB08}.Release|Any CPU.Build.0 = Release|Any CPU
		{6637FB97-9441-42A2-AD83-BECFF8850A61}.Debug|Any CPU.ActiveCfg = Debug|Any CPU
		{6637FB97-9441-42A2-AD83-BECFF8850A61}.Debug|Any CPU.Build.0 = Debug|Any CPU
		{6637FB97-9441-42A2-AD83-BECFF8850A61}.Release|Any CPU.ActiveCfg = Release|Any CPU
		{6637FB97-9441-42A2-AD83-BECFF8850A61}.Release|Any CPU.Build.0 = Release|Any CPU
		{31FD6E11-3A21-4FB6-9C93-FBF3D21B1568}.Debug|Any CPU.ActiveCfg = Debug|Any CPU
		{31FD6E11-3A21-4FB6-9C93-FBF3D21B1568}.Debug|Any CPU.Build.0 = Debug|Any CPU
		{31FD6E11-3A21-4FB6-9C93-FBF3D21B1568}.Release|Any CPU.ActiveCfg = Release|Any CPU
		{31FD6E11-3A21-4FB6-9C93-FBF3D21B1568}.Release|Any CPU.Build.0 = Release|Any CPU
		{52F7A4C2-1E33-4626-8268-E5C24FC16E8F}.Debug|Any CPU.ActiveCfg = Debug|Any CPU
		{52F7A4C2-1E33-4626-8268-E5C24FC16E8F}.Debug|Any CPU.Build.0 = Debug|Any CPU
		{52F7A4C2-1E33-4626-8268-E5C24FC16E8F}.Release|Any CPU.ActiveCfg = Release|Any CPU
		{52F7A4C2-1E33-4626-8268-E5C24FC16E8F}.Release|Any CPU.Build.0 = Release|Any CPU
		{55B8E944-9213-4876-BCAA-A97D821729AC}.Debug|Any CPU.ActiveCfg = Debug|Any CPU
		{55B8E944-9213-4876-BCAA-A97D821729AC}.Debug|Any CPU.Build.0 = Debug|Any CPU
		{55B8E944-9213-4876-BCAA-A97D821729AC}.Release|Any CPU.ActiveCfg = Release|Any CPU
		{55B8E944-9213-4876-BCAA-A97D821729AC}.Release|Any CPU.Build.0 = Release|Any CPU
		{3E19C11B-DCE0-4A0D-A6DA-63C0216518D9}.Debug|Any CPU.ActiveCfg = Debug|Any CPU
		{3E19C11B-DCE0-4A0D-A6DA-63C0216518D9}.Debug|Any CPU.Build.0 = Debug|Any CPU
		{3E19C11B-DCE0-4A0D-A6DA-63C0216518D9}.Release|Any CPU.ActiveCfg = Release|Any CPU
		{3E19C11B-DCE0-4A0D-A6DA-63C0216518D9}.Release|Any CPU.Build.0 = Release|Any CPU
		{1D7DAA69-C3BE-47B7-89CC-9A8D22DDB9D9}.Debug|Any CPU.ActiveCfg = Debug|Any CPU
		{1D7DAA69-C3BE-47B7-89CC-9A8D22DDB9D9}.Debug|Any CPU.Build.0 = Debug|Any CPU
		{1D7DAA69-C3BE-47B7-89CC-9A8D22DDB9D9}.Release|Any CPU.ActiveCfg = Release|Any CPU
		{1D7DAA69-C3BE-47B7-89CC-9A8D22DDB9D9}.Release|Any CPU.Build.0 = Release|Any CPU
		{B2B1C342-5788-4D7B-9E77-FDCE611AB2AC}.Debug|Any CPU.ActiveCfg = Debug|Any CPU
		{B2B1C342-5788-4D7B-9E77-FDCE611AB2AC}.Debug|Any CPU.Build.0 = Debug|Any CPU
		{B2B1C342-5788-4D7B-9E77-FDCE611AB2AC}.Release|Any CPU.ActiveCfg = Release|Any CPU
		{B2B1C342-5788-4D7B-9E77-FDCE611AB2AC}.Release|Any CPU.Build.0 = Release|Any CPU
		{3A76A8DB-29BA-48A4-92EF-8628CB2EC2A5}.Debug|Any CPU.ActiveCfg = Debug|Any CPU
		{3A76A8DB-29BA-48A4-92EF-8628CB2EC2A5}.Debug|Any CPU.Build.0 = Debug|Any CPU
		{3A76A8DB-29BA-48A4-92EF-8628CB2EC2A5}.Release|Any CPU.ActiveCfg = Release|Any CPU
		{3A76A8DB-29BA-48A4-92EF-8628CB2EC2A5}.Release|Any CPU.Build.0 = Release|Any CPU
		{13A14BA3-BC2E-4A54-B224-0FB60CC634EC}.Debug|Any CPU.ActiveCfg = Debug|Any CPU
		{13A14BA3-BC2E-4A54-B224-0FB60CC634EC}.Debug|Any CPU.Build.0 = Debug|Any CPU
		{13A14BA3-BC2E-4A54-B224-0FB60CC634EC}.Release|Any CPU.ActiveCfg = Release|Any CPU
		{13A14BA3-BC2E-4A54-B224-0FB60CC634EC}.Release|Any CPU.Build.0 = Release|Any CPU
		{10969224-9BE8-44AF-9F13-5519BC197704}.Debug|Any CPU.ActiveCfg = Debug|Any CPU
		{10969224-9BE8-44AF-9F13-5519BC197704}.Debug|Any CPU.Build.0 = Debug|Any CPU
		{10969224-9BE8-44AF-9F13-5519BC197704}.Release|Any CPU.ActiveCfg = Release|Any CPU
		{10969224-9BE8-44AF-9F13-5519BC197704}.Release|Any CPU.Build.0 = Release|Any CPU
		{ACA111F8-934A-482F-831A-D8E20AAF8BEF}.Debug|Any CPU.ActiveCfg = Debug|Any CPU
		{ACA111F8-934A-482F-831A-D8E20AAF8BEF}.Debug|Any CPU.Build.0 = Debug|Any CPU
		{ACA111F8-934A-482F-831A-D8E20AAF8BEF}.Release|Any CPU.ActiveCfg = Release|Any CPU
		{ACA111F8-934A-482F-831A-D8E20AAF8BEF}.Release|Any CPU.Build.0 = Release|Any CPU
		{40C79654-0932-4842-A8F2-C96A4435FF6B}.Debug|Any CPU.ActiveCfg = Debug|Any CPU
		{40C79654-0932-4842-A8F2-C96A4435FF6B}.Debug|Any CPU.Build.0 = Debug|Any CPU
		{40C79654-0932-4842-A8F2-C96A4435FF6B}.Release|Any CPU.ActiveCfg = Release|Any CPU
		{40C79654-0932-4842-A8F2-C96A4435FF6B}.Release|Any CPU.Build.0 = Release|Any CPU
		{D9FF8369-435C-4B04-A562-C11007344C09}.Debug|Any CPU.ActiveCfg = Debug|Any CPU
		{D9FF8369-435C-4B04-A562-C11007344C09}.Debug|Any CPU.Build.0 = Debug|Any CPU
		{D9FF8369-435C-4B04-A562-C11007344C09}.Release|Any CPU.ActiveCfg = Release|Any CPU
		{D9FF8369-435C-4B04-A562-C11007344C09}.Release|Any CPU.Build.0 = Release|Any CPU
		{1FC940DB-5DBC-4E11-AFA1-4AAF42B14959}.Debug|Any CPU.ActiveCfg = Debug|Any CPU
		{1FC940DB-5DBC-4E11-AFA1-4AAF42B14959}.Debug|Any CPU.Build.0 = Debug|Any CPU
		{1FC940DB-5DBC-4E11-AFA1-4AAF42B14959}.Release|Any CPU.ActiveCfg = Release|Any CPU
		{1FC940DB-5DBC-4E11-AFA1-4AAF42B14959}.Release|Any CPU.Build.0 = Release|Any CPU
		{9A06EDE3-0882-43C4-A048-2F21A6B69C1F}.Debug|Any CPU.ActiveCfg = Debug|Any CPU
		{9A06EDE3-0882-43C4-A048-2F21A6B69C1F}.Debug|Any CPU.Build.0 = Debug|Any CPU
		{9A06EDE3-0882-43C4-A048-2F21A6B69C1F}.Release|Any CPU.ActiveCfg = Release|Any CPU
		{9A06EDE3-0882-43C4-A048-2F21A6B69C1F}.Release|Any CPU.Build.0 = Release|Any CPU
		{43BB5537-85CF-43D8-8966-1CDE04313C89}.Debug|Any CPU.ActiveCfg = Debug|Any CPU
		{43BB5537-85CF-43D8-8966-1CDE04313C89}.Debug|Any CPU.Build.0 = Debug|Any CPU
		{43BB5537-85CF-43D8-8966-1CDE04313C89}.Release|Any CPU.ActiveCfg = Release|Any CPU
		{43BB5537-85CF-43D8-8966-1CDE04313C89}.Release|Any CPU.Build.0 = Release|Any CPU
		{179842D5-0F39-4FE9-9BB4-03C7F2B7DCBC}.Debug|Any CPU.ActiveCfg = Debug|Any CPU
		{179842D5-0F39-4FE9-9BB4-03C7F2B7DCBC}.Debug|Any CPU.Build.0 = Debug|Any CPU
		{179842D5-0F39-4FE9-9BB4-03C7F2B7DCBC}.Release|Any CPU.ActiveCfg = Release|Any CPU
		{179842D5-0F39-4FE9-9BB4-03C7F2B7DCBC}.Release|Any CPU.Build.0 = Release|Any CPU
		{A241F031-99F1-43CB-87C6-B065F4B58093}.Debug|Any CPU.ActiveCfg = Debug|Any CPU
		{A241F031-99F1-43CB-87C6-B065F4B58093}.Debug|Any CPU.Build.0 = Debug|Any CPU
		{A241F031-99F1-43CB-87C6-B065F4B58093}.Release|Any CPU.ActiveCfg = Release|Any CPU
		{A241F031-99F1-43CB-87C6-B065F4B58093}.Release|Any CPU.Build.0 = Release|Any CPU
		{0103C832-8FD0-4C52-87B9-712CA248E3E1}.Debug|Any CPU.ActiveCfg = Debug|Any CPU
		{0103C832-8FD0-4C52-87B9-712CA248E3E1}.Debug|Any CPU.Build.0 = Debug|Any CPU
		{0103C832-8FD0-4C52-87B9-712CA248E3E1}.Release|Any CPU.ActiveCfg = Release|Any CPU
		{0103C832-8FD0-4C52-87B9-712CA248E3E1}.Release|Any CPU.Build.0 = Release|Any CPU
		{67BA63E3-5C15-488C-B49F-0C36C002BD67}.Debug|Any CPU.ActiveCfg = Debug|Any CPU
		{67BA63E3-5C15-488C-B49F-0C36C002BD67}.Debug|Any CPU.Build.0 = Debug|Any CPU
		{67BA63E3-5C15-488C-B49F-0C36C002BD67}.Release|Any CPU.ActiveCfg = Release|Any CPU
		{67BA63E3-5C15-488C-B49F-0C36C002BD67}.Release|Any CPU.Build.0 = Release|Any CPU
		{AEC71365-15C3-456F-8E46-BC063F71B452}.Debug|Any CPU.ActiveCfg = Debug|Any CPU
		{AEC71365-15C3-456F-8E46-BC063F71B452}.Debug|Any CPU.Build.0 = Debug|Any CPU
		{AEC71365-15C3-456F-8E46-BC063F71B452}.Release|Any CPU.ActiveCfg = Release|Any CPU
		{AEC71365-15C3-456F-8E46-BC063F71B452}.Release|Any CPU.Build.0 = Release|Any CPU
		{3B4478F1-B73E-4D45-9E69-80FABDC8A7BB}.Debug|Any CPU.ActiveCfg = Debug|Any CPU
		{3B4478F1-B73E-4D45-9E69-80FABDC8A7BB}.Debug|Any CPU.Build.0 = Debug|Any CPU
		{3B4478F1-B73E-4D45-9E69-80FABDC8A7BB}.Release|Any CPU.ActiveCfg = Release|Any CPU
		{3B4478F1-B73E-4D45-9E69-80FABDC8A7BB}.Release|Any CPU.Build.0 = Release|Any CPU
		{C0D4AEAA-75AA-4038-94D6-7F7A1FC293A5}.Debug|Any CPU.ActiveCfg = Debug|Any CPU
		{C0D4AEAA-75AA-4038-94D6-7F7A1FC293A5}.Debug|Any CPU.Build.0 = Debug|Any CPU
		{C0D4AEAA-75AA-4038-94D6-7F7A1FC293A5}.Release|Any CPU.ActiveCfg = Release|Any CPU
		{C0D4AEAA-75AA-4038-94D6-7F7A1FC293A5}.Release|Any CPU.Build.0 = Release|Any CPU
		{F56D8F9C-4FEC-40DF-879C-3C850A2896F9}.Debug|Any CPU.ActiveCfg = Debug|Any CPU
		{F56D8F9C-4FEC-40DF-879C-3C850A2896F9}.Debug|Any CPU.Build.0 = Debug|Any CPU
		{F56D8F9C-4FEC-40DF-879C-3C850A2896F9}.Release|Any CPU.ActiveCfg = Release|Any CPU
		{F56D8F9C-4FEC-40DF-879C-3C850A2896F9}.Release|Any CPU.Build.0 = Release|Any CPU
		{2D4151E6-CC38-4B4D-926F-A1B169D74FA4}.Debug|Any CPU.ActiveCfg = Debug|Any CPU
		{2D4151E6-CC38-4B4D-926F-A1B169D74FA4}.Debug|Any CPU.Build.0 = Debug|Any CPU
		{2D4151E6-CC38-4B4D-926F-A1B169D74FA4}.Release|Any CPU.ActiveCfg = Release|Any CPU
		{2D4151E6-CC38-4B4D-926F-A1B169D74FA4}.Release|Any CPU.Build.0 = Release|Any CPU
		{1B88A796-015C-430F-ADB7-3714587E578F}.Debug|Any CPU.ActiveCfg = Debug|Any CPU
		{1B88A796-015C-430F-ADB7-3714587E578F}.Debug|Any CPU.Build.0 = Debug|Any CPU
		{1B88A796-015C-430F-ADB7-3714587E578F}.Release|Any CPU.ActiveCfg = Release|Any CPU
		{1B88A796-015C-430F-ADB7-3714587E578F}.Release|Any CPU.Build.0 = Release|Any CPU
		{D25A499C-B837-4989-8DD3-EEAB5DC5DB4F}.Debug|Any CPU.ActiveCfg = Debug|Any CPU
		{D25A499C-B837-4989-8DD3-EEAB5DC5DB4F}.Debug|Any CPU.Build.0 = Debug|Any CPU
		{D25A499C-B837-4989-8DD3-EEAB5DC5DB4F}.Release|Any CPU.ActiveCfg = Release|Any CPU
		{D25A499C-B837-4989-8DD3-EEAB5DC5DB4F}.Release|Any CPU.Build.0 = Release|Any CPU
		{84C7F328-016D-44B3-A442-B6FAC8CAFB89}.Debug|Any CPU.ActiveCfg = Debug|Any CPU
		{84C7F328-016D-44B3-A442-B6FAC8CAFB89}.Debug|Any CPU.Build.0 = Debug|Any CPU
		{84C7F328-016D-44B3-A442-B6FAC8CAFB89}.Release|Any CPU.ActiveCfg = Release|Any CPU
		{84C7F328-016D-44B3-A442-B6FAC8CAFB89}.Release|Any CPU.Build.0 = Release|Any CPU
		{2CA49FB0-9993-4286-930B-CB6D70424CC9}.Debug|Any CPU.ActiveCfg = Debug|Any CPU
		{2CA49FB0-9993-4286-930B-CB6D70424CC9}.Debug|Any CPU.Build.0 = Debug|Any CPU
		{2CA49FB0-9993-4286-930B-CB6D70424CC9}.Release|Any CPU.ActiveCfg = Release|Any CPU
		{2CA49FB0-9993-4286-930B-CB6D70424CC9}.Release|Any CPU.Build.0 = Release|Any CPU
		{86E51951-F79A-4033-A80C-2D9B258CD73E}.Debug|Any CPU.ActiveCfg = Debug|Any CPU
		{86E51951-F79A-4033-A80C-2D9B258CD73E}.Debug|Any CPU.Build.0 = Debug|Any CPU
		{86E51951-F79A-4033-A80C-2D9B258CD73E}.Release|Any CPU.ActiveCfg = Release|Any CPU
		{86E51951-F79A-4033-A80C-2D9B258CD73E}.Release|Any CPU.Build.0 = Release|Any CPU
		{3542EA3B-AB35-41AD-8662-CF5B6DD10F6B}.Debug|Any CPU.ActiveCfg = Debug|Any CPU
		{3542EA3B-AB35-41AD-8662-CF5B6DD10F6B}.Debug|Any CPU.Build.0 = Debug|Any CPU
		{3542EA3B-AB35-41AD-8662-CF5B6DD10F6B}.Release|Any CPU.ActiveCfg = Release|Any CPU
		{3542EA3B-AB35-41AD-8662-CF5B6DD10F6B}.Release|Any CPU.Build.0 = Release|Any CPU
		{1E5D663E-0D2C-45F1-AD65-13ACA8EAD708}.Debug|Any CPU.ActiveCfg = Debug|Any CPU
		{1E5D663E-0D2C-45F1-AD65-13ACA8EAD708}.Debug|Any CPU.Build.0 = Debug|Any CPU
		{1E5D663E-0D2C-45F1-AD65-13ACA8EAD708}.Release|Any CPU.ActiveCfg = Release|Any CPU
		{1E5D663E-0D2C-45F1-AD65-13ACA8EAD708}.Release|Any CPU.Build.0 = Release|Any CPU
		{9B81BC64-81CC-4FAB-AF61-EFCE98B33D81}.Debug|Any CPU.ActiveCfg = Debug|Any CPU
		{9B81BC64-81CC-4FAB-AF61-EFCE98B33D81}.Debug|Any CPU.Build.0 = Debug|Any CPU
		{9B81BC64-81CC-4FAB-AF61-EFCE98B33D81}.Release|Any CPU.ActiveCfg = Release|Any CPU
		{9B81BC64-81CC-4FAB-AF61-EFCE98B33D81}.Release|Any CPU.Build.0 = Release|Any CPU
		{2AB125F2-1713-4DF6-8897-EF3639E0A5BA}.Debug|Any CPU.ActiveCfg = Debug|Any CPU
		{2AB125F2-1713-4DF6-8897-EF3639E0A5BA}.Debug|Any CPU.Build.0 = Debug|Any CPU
		{2AB125F2-1713-4DF6-8897-EF3639E0A5BA}.Release|Any CPU.ActiveCfg = Release|Any CPU
		{2AB125F2-1713-4DF6-8897-EF3639E0A5BA}.Release|Any CPU.Build.0 = Release|Any CPU
		{036039B9-7B6E-4195-B9DA-5B0A29BE10DF}.Debug|Any CPU.ActiveCfg = Debug|Any CPU
		{036039B9-7B6E-4195-B9DA-5B0A29BE10DF}.Debug|Any CPU.Build.0 = Debug|Any CPU
		{036039B9-7B6E-4195-B9DA-5B0A29BE10DF}.Release|Any CPU.ActiveCfg = Release|Any CPU
		{036039B9-7B6E-4195-B9DA-5B0A29BE10DF}.Release|Any CPU.Build.0 = Release|Any CPU
		{3C918616-F754-4678-B45B-C6D563ECF36D}.Debug|Any CPU.ActiveCfg = Debug|Any CPU
		{3C918616-F754-4678-B45B-C6D563ECF36D}.Debug|Any CPU.Build.0 = Debug|Any CPU
		{3C918616-F754-4678-B45B-C6D563ECF36D}.Release|Any CPU.ActiveCfg = Release|Any CPU
		{3C918616-F754-4678-B45B-C6D563ECF36D}.Release|Any CPU.Build.0 = Release|Any CPU
		{0806FDB0-E4D2-4EAE-8F55-9A087BA990BB}.Debug|Any CPU.ActiveCfg = Debug|Any CPU
		{0806FDB0-E4D2-4EAE-8F55-9A087BA990BB}.Debug|Any CPU.Build.0 = Debug|Any CPU
		{0806FDB0-E4D2-4EAE-8F55-9A087BA990BB}.Release|Any CPU.ActiveCfg = Release|Any CPU
		{0806FDB0-E4D2-4EAE-8F55-9A087BA990BB}.Release|Any CPU.Build.0 = Release|Any CPU
		{BA08FABB-9D94-4090-97E3-FA80C20DEB2C}.Debug|Any CPU.ActiveCfg = Debug|Any CPU
		{BA08FABB-9D94-4090-97E3-FA80C20DEB2C}.Debug|Any CPU.Build.0 = Debug|Any CPU
		{BA08FABB-9D94-4090-97E3-FA80C20DEB2C}.Release|Any CPU.ActiveCfg = Release|Any CPU
		{BA08FABB-9D94-4090-97E3-FA80C20DEB2C}.Release|Any CPU.Build.0 = Release|Any CPU
		{E4B79AA4-C2E5-4E66-B3AC-755E87D21430}.Debug|Any CPU.ActiveCfg = Debug|Any CPU
		{E4B79AA4-C2E5-4E66-B3AC-755E87D21430}.Debug|Any CPU.Build.0 = Debug|Any CPU
		{E4B79AA4-C2E5-4E66-B3AC-755E87D21430}.Release|Any CPU.ActiveCfg = Release|Any CPU
		{E4B79AA4-C2E5-4E66-B3AC-755E87D21430}.Release|Any CPU.Build.0 = Release|Any CPU
		{549AAC69-95F0-479C-AC3C-AE47C05FE29D}.Debug|Any CPU.ActiveCfg = Debug|Any CPU
		{549AAC69-95F0-479C-AC3C-AE47C05FE29D}.Debug|Any CPU.Build.0 = Debug|Any CPU
		{549AAC69-95F0-479C-AC3C-AE47C05FE29D}.Release|Any CPU.ActiveCfg = Release|Any CPU
		{549AAC69-95F0-479C-AC3C-AE47C05FE29D}.Release|Any CPU.Build.0 = Release|Any CPU
		{99BC3CE5-CC3C-498C-AEF0-4F55BE043AB3}.Debug|Any CPU.ActiveCfg = Debug|Any CPU
		{99BC3CE5-CC3C-498C-AEF0-4F55BE043AB3}.Debug|Any CPU.Build.0 = Debug|Any CPU
		{99BC3CE5-CC3C-498C-AEF0-4F55BE043AB3}.Release|Any CPU.ActiveCfg = Release|Any CPU
		{99BC3CE5-CC3C-498C-AEF0-4F55BE043AB3}.Release|Any CPU.Build.0 = Release|Any CPU
		{EBE11AF1-3A34-4365-8316-7F90F1172D02}.Debug|Any CPU.ActiveCfg = Debug|Any CPU
		{EBE11AF1-3A34-4365-8316-7F90F1172D02}.Debug|Any CPU.Build.0 = Debug|Any CPU
		{EBE11AF1-3A34-4365-8316-7F90F1172D02}.Release|Any CPU.ActiveCfg = Release|Any CPU
		{EBE11AF1-3A34-4365-8316-7F90F1172D02}.Release|Any CPU.Build.0 = Release|Any CPU
		{245221D8-9D78-4D88-B3E3-BAEF5F36E49E}.Debug|Any CPU.ActiveCfg = Debug|Any CPU
		{245221D8-9D78-4D88-B3E3-BAEF5F36E49E}.Debug|Any CPU.Build.0 = Debug|Any CPU
		{245221D8-9D78-4D88-B3E3-BAEF5F36E49E}.Release|Any CPU.ActiveCfg = Release|Any CPU
		{245221D8-9D78-4D88-B3E3-BAEF5F36E49E}.Release|Any CPU.Build.0 = Release|Any CPU
		{30726E5B-A82E-4F76-A96C-6A971FF289AA}.Debug|Any CPU.ActiveCfg = Debug|Any CPU
		{30726E5B-A82E-4F76-A96C-6A971FF289AA}.Debug|Any CPU.Build.0 = Debug|Any CPU
		{30726E5B-A82E-4F76-A96C-6A971FF289AA}.Release|Any CPU.ActiveCfg = Release|Any CPU
		{30726E5B-A82E-4F76-A96C-6A971FF289AA}.Release|Any CPU.Build.0 = Release|Any CPU
		{1EB44F56-3CE2-4510-86A4-B6B4961DC6FE}.Debug|Any CPU.ActiveCfg = Debug|Any CPU
		{1EB44F56-3CE2-4510-86A4-B6B4961DC6FE}.Debug|Any CPU.Build.0 = Debug|Any CPU
		{1EB44F56-3CE2-4510-86A4-B6B4961DC6FE}.Release|Any CPU.ActiveCfg = Release|Any CPU
		{1EB44F56-3CE2-4510-86A4-B6B4961DC6FE}.Release|Any CPU.Build.0 = Release|Any CPU
		{89A7B292-21B6-40DD-AB91-E696B33870D3}.Debug|Any CPU.ActiveCfg = Debug|Any CPU
		{89A7B292-21B6-40DD-AB91-E696B33870D3}.Debug|Any CPU.Build.0 = Debug|Any CPU
		{89A7B292-21B6-40DD-AB91-E696B33870D3}.Release|Any CPU.ActiveCfg = Release|Any CPU
		{89A7B292-21B6-40DD-AB91-E696B33870D3}.Release|Any CPU.Build.0 = Release|Any CPU
		{88699B73-FB5B-4D62-BD10-0C50681A88FE}.Debug|Any CPU.ActiveCfg = Debug|Any CPU
		{88699B73-FB5B-4D62-BD10-0C50681A88FE}.Debug|Any CPU.Build.0 = Debug|Any CPU
		{88699B73-FB5B-4D62-BD10-0C50681A88FE}.Release|Any CPU.ActiveCfg = Release|Any CPU
		{88699B73-FB5B-4D62-BD10-0C50681A88FE}.Release|Any CPU.Build.0 = Release|Any CPU
		{7A454E5B-D557-47B5-9DF8-31DCF34AC853}.Debug|Any CPU.ActiveCfg = Debug|Any CPU
		{7A454E5B-D557-47B5-9DF8-31DCF34AC853}.Debug|Any CPU.Build.0 = Debug|Any CPU
		{7A454E5B-D557-47B5-9DF8-31DCF34AC853}.Release|Any CPU.ActiveCfg = Release|Any CPU
		{7A454E5B-D557-47B5-9DF8-31DCF34AC853}.Release|Any CPU.Build.0 = Release|Any CPU
		{043F5E31-151A-4A90-AF99-DA2D4581B1DF}.Debug|Any CPU.ActiveCfg = Debug|Any CPU
		{043F5E31-151A-4A90-AF99-DA2D4581B1DF}.Debug|Any CPU.Build.0 = Debug|Any CPU
		{043F5E31-151A-4A90-AF99-DA2D4581B1DF}.Release|Any CPU.ActiveCfg = Release|Any CPU
		{043F5E31-151A-4A90-AF99-DA2D4581B1DF}.Release|Any CPU.Build.0 = Release|Any CPU
		{ECE01CFC-1966-4648-B491-E614C7197273}.Debug|Any CPU.ActiveCfg = Debug|Any CPU
		{ECE01CFC-1966-4648-B491-E614C7197273}.Debug|Any CPU.Build.0 = Debug|Any CPU
		{ECE01CFC-1966-4648-B491-E614C7197273}.Release|Any CPU.ActiveCfg = Release|Any CPU
		{ECE01CFC-1966-4648-B491-E614C7197273}.Release|Any CPU.Build.0 = Release|Any CPU
		{A6ACAEFC-16FB-4672-A759-284DBC2E4A26}.Debug|Any CPU.ActiveCfg = Debug|Any CPU
		{A6ACAEFC-16FB-4672-A759-284DBC2E4A26}.Debug|Any CPU.Build.0 = Debug|Any CPU
		{A6ACAEFC-16FB-4672-A759-284DBC2E4A26}.Release|Any CPU.ActiveCfg = Release|Any CPU
		{A6ACAEFC-16FB-4672-A759-284DBC2E4A26}.Release|Any CPU.Build.0 = Release|Any CPU
	EndGlobalSection
	GlobalSection(SolutionProperties) = preSolution
		HideSolutionNode = FALSE
	EndGlobalSection
	GlobalSection(NestedProjects) = preSolution
		{306C3628-0FED-4EF4-8943-9470CC4762E4} = {C60FC696-8FFA-4D9B-9BCC-F5072C40BD63}
		{F2D5067D-8B9A-4E00-8743-0988DA7711EC} = {C60FC696-8FFA-4D9B-9BCC-F5072C40BD63}
		{1D7DAA69-C3BE-47B7-89CC-9A8D22DDB9D9} = {8E50DE1F-3F95-4902-B955-1A3F44D666DE}
		{B2B1C342-5788-4D7B-9E77-FDCE611AB2AC} = {8E50DE1F-3F95-4902-B955-1A3F44D666DE}
		{3A76A8DB-29BA-48A4-92EF-8628CB2EC2A5} = {8E50DE1F-3F95-4902-B955-1A3F44D666DE}
		{13A14BA3-BC2E-4A54-B224-0FB60CC634EC} = {8E50DE1F-3F95-4902-B955-1A3F44D666DE}
		{43BB5537-85CF-43D8-8966-1CDE04313C89} = {8E50DE1F-3F95-4902-B955-1A3F44D666DE}
		{AEC71365-15C3-456F-8E46-BC063F71B452} = {6876D993-EC20-469F-8211-811290B5EDCA}
		{3B4478F1-B73E-4D45-9E69-80FABDC8A7BB} = {6876D993-EC20-469F-8211-811290B5EDCA}
		{C0D4AEAA-75AA-4038-94D6-7F7A1FC293A5} = {09BFC350-C2FF-46FD-BDD0-3496C87BE178}
		{2D4151E6-CC38-4B4D-926F-A1B169D74FA4} = {0F1D5D48-406D-4B29-A19F-1951A3763D43}
		{1B88A796-015C-430F-ADB7-3714587E578F} = {0F1D5D48-406D-4B29-A19F-1951A3763D43}
		{D25A499C-B837-4989-8DD3-EEAB5DC5DB4F} = {0F1D5D48-406D-4B29-A19F-1951A3763D43}
		{84C7F328-016D-44B3-A442-B6FAC8CAFB89} = {09BFC350-C2FF-46FD-BDD0-3496C87BE178}
		{2CA49FB0-9993-4286-930B-CB6D70424CC9} = {ED75F54C-B171-4E54-B93E-57A4994CDC5D}
		{86E51951-F79A-4033-A80C-2D9B258CD73E} = {D7F23096-CA7F-493A-BEE0-DD418BBBB3A5}
		{3542EA3B-AB35-41AD-8662-CF5B6DD10F6B} = {D7F23096-CA7F-493A-BEE0-DD418BBBB3A5}
		{1E5D663E-0D2C-45F1-AD65-13ACA8EAD708} = {D7F23096-CA7F-493A-BEE0-DD418BBBB3A5}
		{9B81BC64-81CC-4FAB-AF61-EFCE98B33D81} = {D7F23096-CA7F-493A-BEE0-DD418BBBB3A5}
		{2AB125F2-1713-4DF6-8897-EF3639E0A5BA} = {D7F23096-CA7F-493A-BEE0-DD418BBBB3A5}
		{036039B9-7B6E-4195-B9DA-5B0A29BE10DF} = {D7F23096-CA7F-493A-BEE0-DD418BBBB3A5}
		{3C918616-F754-4678-B45B-C6D563ECF36D} = {D7F23096-CA7F-493A-BEE0-DD418BBBB3A5}
		{0806FDB0-E4D2-4EAE-8F55-9A087BA990BB} = {D7F23096-CA7F-493A-BEE0-DD418BBBB3A5}
		{BA08FABB-9D94-4090-97E3-FA80C20DEB2C} = {D7F23096-CA7F-493A-BEE0-DD418BBBB3A5}
		{E4B79AA4-C2E5-4E66-B3AC-755E87D21430} = {D7F23096-CA7F-493A-BEE0-DD418BBBB3A5}
		{549AAC69-95F0-479C-AC3C-AE47C05FE29D} = {D7F23096-CA7F-493A-BEE0-DD418BBBB3A5}
		{99BC3CE5-CC3C-498C-AEF0-4F55BE043AB3} = {D7F23096-CA7F-493A-BEE0-DD418BBBB3A5}
		{EBE11AF1-3A34-4365-8316-7F90F1172D02} = {D7F23096-CA7F-493A-BEE0-DD418BBBB3A5}
		{245221D8-9D78-4D88-B3E3-BAEF5F36E49E} = {D7F23096-CA7F-493A-BEE0-DD418BBBB3A5}
		{30726E5B-A82E-4F76-A96C-6A971FF289AA} = {D7F23096-CA7F-493A-BEE0-DD418BBBB3A5}
		{89A7B292-21B6-40DD-AB91-E696B33870D3} = {D7F23096-CA7F-493A-BEE0-DD418BBBB3A5}
		{88699B73-FB5B-4D62-BD10-0C50681A88FE} = {D7F23096-CA7F-493A-BEE0-DD418BBBB3A5}
		{7A454E5B-D557-47B5-9DF8-31DCF34AC853} = {D7F23096-CA7F-493A-BEE0-DD418BBBB3A5}
		{043F5E31-151A-4A90-AF99-DA2D4581B1DF} = {D7F23096-CA7F-493A-BEE0-DD418BBBB3A5}
		{ECE01CFC-1966-4648-B491-E614C7197273} = {189FEB5F-B5B4-4D62-A02E-BD7390CFFECF}
		{A6ACAEFC-16FB-4672-A759-284DBC2E4A26} = {189FEB5F-B5B4-4D62-A02E-BD7390CFFECF}
	EndGlobalSection
	GlobalSection(ExtensibilityGlobals) = postSolution
		SolutionGuid = {E0DD12CE-A2B2-4657-8F56-D7C4BB78B95E}
	EndGlobalSection
EndGlobal
